// !$*UTF8*$!
{
	archiveVersion = 1;
	classes = {
	};
	objectVersion = 51;
	objects = {

/* Begin PBXBuildFile section */
		9E10794626BDBF7400D0DA19 /* DisciplineCollectionViewCell.swift in Sources */ = {isa = PBXBuildFile; fileRef = 9E10794526BDBF7400D0DA19 /* DisciplineCollectionViewCell.swift */; };
		9E10794826BDBF9500D0DA19 /* AddDisciplineCollectionViewCell.swift in Sources */ = {isa = PBXBuildFile; fileRef = 9E10794726BDBF9500D0DA19 /* AddDisciplineCollectionViewCell.swift */; };
		9E10794C26BDC1F500D0DA19 /* AddDisciplineCollectionViewModel.swift in Sources */ = {isa = PBXBuildFile; fileRef = 9E10794B26BDC1F500D0DA19 /* AddDisciplineCollectionViewModel.swift */; };
		9E10794E26BDC20D00D0DA19 /* DisciplineCollectionViewModel.swift in Sources */ = {isa = PBXBuildFile; fileRef = 9E10794D26BDC20D00D0DA19 /* DisciplineCollectionViewModel.swift */; };
		9E27E38426C310CF009E19B9 /* UITextView+Ext.swift in Sources */ = {isa = PBXBuildFile; fileRef = 9E27E38326C310CF009E19B9 /* UITextView+Ext.swift */; };
		9E29D02026BB0B36003B88CE /* StudentRow.swift in Sources */ = {isa = PBXBuildFile; fileRef = 9E29D01F26BB0B36003B88CE /* StudentRow.swift */; };
		9E29D02226BB0C71003B88CE /* EditNameCellViewModel.swift in Sources */ = {isa = PBXBuildFile; fileRef = 9E29D02126BB0C71003B88CE /* EditNameCellViewModel.swift */; };
		9E29D02426BB0C90003B88CE /* EditDisciplineTableCellViewModel.swift in Sources */ = {isa = PBXBuildFile; fileRef = 9E29D02326BB0C90003B88CE /* EditDisciplineTableCellViewModel.swift */; };
		9E29D02626BB0CE7003B88CE /* EditNameTableCell.swift in Sources */ = {isa = PBXBuildFile; fileRef = 9E29D02526BB0CE7003B88CE /* EditNameTableCell.swift */; };
		9E29D02826BB0D02003B88CE /* EditDisciplineTableCell.swift in Sources */ = {isa = PBXBuildFile; fileRef = 9E29D02726BB0D02003B88CE /* EditDisciplineTableCell.swift */; };
		9E29D02A26BB0D25003B88CE /* EditContactsTableCell.swift in Sources */ = {isa = PBXBuildFile; fileRef = 9E29D02926BB0D25003B88CE /* EditContactsTableCell.swift */; };
		9E29D02C26BB0D55003B88CE /* EditNoteTableCell.swift in Sources */ = {isa = PBXBuildFile; fileRef = 9E29D02B26BB0D55003B88CE /* EditNoteTableCell.swift */; };
		9E29D02E26BB0D8C003B88CE /* EditContactsCellViewModel.swift in Sources */ = {isa = PBXBuildFile; fileRef = 9E29D02D26BB0D8C003B88CE /* EditContactsCellViewModel.swift */; };
		9E29D03026BB0D9A003B88CE /* EditNoteCellViewModel.swift in Sources */ = {isa = PBXBuildFile; fileRef = 9E29D02F26BB0D9A003B88CE /* EditNoteCellViewModel.swift */; };
		9E3A1DCD26C90E780044D17B /* DismissingView.swift in Sources */ = {isa = PBXBuildFile; fileRef = 9E3A1DCC26C90E780044D17B /* DismissingView.swift */; };
		9E3A1DD126C943EF0044D17B /* StudentPresenter.swift in Sources */ = {isa = PBXBuildFile; fileRef = 9E3A1DD026C943EF0044D17B /* StudentPresenter.swift */; };
		9E3A1DD326C9440F0044D17B /* StudentViewController.swift in Sources */ = {isa = PBXBuildFile; fileRef = 9E3A1DD226C9440F0044D17B /* StudentViewController.swift */; };
		9E3A1DD526C944200044D17B /* StudentAssembly.swift in Sources */ = {isa = PBXBuildFile; fileRef = 9E3A1DD426C944200044D17B /* StudentAssembly.swift */; };
		9E3A1DD726C9442D0044D17B /* StudentView.swift in Sources */ = {isa = PBXBuildFile; fileRef = 9E3A1DD626C9442D0044D17B /* StudentView.swift */; };
		9E3A1DDC26C971FA0044D17B /* StudentProfileRow.swift in Sources */ = {isa = PBXBuildFile; fileRef = 9E3A1DDB26C971FA0044D17B /* StudentProfileRow.swift */; };
		9E3A1DDE26C97DE10044D17B /* StudentNameTableCell.swift in Sources */ = {isa = PBXBuildFile; fileRef = 9E3A1DDD26C97DE10044D17B /* StudentNameTableCell.swift */; };
		9E3A1DE026C97E0D0044D17B /* StudentDisciplineTableCell.swift in Sources */ = {isa = PBXBuildFile; fileRef = 9E3A1DDF26C97E0D0044D17B /* StudentDisciplineTableCell.swift */; };
		9E3A1DE226C97FE80044D17B /* StudentContactsTableCell.swift in Sources */ = {isa = PBXBuildFile; fileRef = 9E3A1DE126C97FE80044D17B /* StudentContactsTableCell.swift */; };
		9E3A1DE426C97FFB0044D17B /* StudentNoteTableCell.swift in Sources */ = {isa = PBXBuildFile; fileRef = 9E3A1DE326C97FFB0044D17B /* StudentNoteTableCell.swift */; };
		9E3E56FF265C15F4007D6D51 /* EditStudentAssembly.swift in Sources */ = {isa = PBXBuildFile; fileRef = 9E3E56FE265C15F4007D6D51 /* EditStudentAssembly.swift */; };
		9E3E5701265C1602007D6D51 /* EditStudentPresenter.swift in Sources */ = {isa = PBXBuildFile; fileRef = 9E3E5700265C1602007D6D51 /* EditStudentPresenter.swift */; };
		9E3E5703265C1615007D6D51 /* EditStudentViewController.swift in Sources */ = {isa = PBXBuildFile; fileRef = 9E3E5702265C1615007D6D51 /* EditStudentViewController.swift */; };
		9E3E5705265C162B007D6D51 /* EditStudentView.swift in Sources */ = {isa = PBXBuildFile; fileRef = 9E3E5704265C162B007D6D51 /* EditStudentView.swift */; };
		9E43012326E523A500E63228 /* EditEventReminderAndPriceTableCell.swift in Sources */ = {isa = PBXBuildFile; fileRef = 9E43012226E523A500E63228 /* EditEventReminderAndPriceTableCell.swift */; };
		9E43012726E52A5700E63228 /* EditEventReminderAndPriceViewModel.swift in Sources */ = {isa = PBXBuildFile; fileRef = 9E43012626E52A5700E63228 /* EditEventReminderAndPriceViewModel.swift */; };
		9E43012926E52E9900E63228 /* Reminder.swift in Sources */ = {isa = PBXBuildFile; fileRef = 9E43012826E52E9900E63228 /* Reminder.swift */; };
		9E4542E626E7AF1B000F6D3E /* Repeatedly.swift in Sources */ = {isa = PBXBuildFile; fileRef = 9E4542E526E7AF1B000F6D3E /* Repeatedly.swift */; };
		9E4542E826E7DF6C000F6D3E /* TimeInterval+Ext.swift in Sources */ = {isa = PBXBuildFile; fileRef = 9E4542E726E7DF6C000F6D3E /* TimeInterval+Ext.swift */; };
		9E493BD92641778C00AE7E86 /* UIColor+Ext.swift in Sources */ = {isa = PBXBuildFile; fileRef = 9E493BD82641778C00AE7E86 /* UIColor+Ext.swift */; };
		9E5FB61226B6B2CF00B4E50D /* DatabaseManager.swift in Sources */ = {isa = PBXBuildFile; fileRef = 9E5FB61126B6B2CF00B4E50D /* DatabaseManager.swift */; };
		9E633FAF2610D0AC0053BF65 /* UIView+Ext.swift in Sources */ = {isa = PBXBuildFile; fileRef = 9E633FAE2610D0AC0053BF65 /* UIView+Ext.swift */; };
		9E633FB42610D2B10053BF65 /* LoginView.swift in Sources */ = {isa = PBXBuildFile; fileRef = 9E633FB32610D2B10053BF65 /* LoginView.swift */; };
		9E633FB72610D3470053BF65 /* StudentsView.swift in Sources */ = {isa = PBXBuildFile; fileRef = 9E633FB62610D3470053BF65 /* StudentsView.swift */; };
		9E633FBF2610D8220053BF65 /* AppNavigator.swift in Sources */ = {isa = PBXBuildFile; fileRef = 9E633FBE2610D8220053BF65 /* AppNavigator.swift */; };
		9E633FC32610D9BA0053BF65 /* AppCoordinator.swift in Sources */ = {isa = PBXBuildFile; fileRef = 9E633FC22610D9BA0053BF65 /* AppCoordinator.swift */; };
		9E633FC82610E8C20053BF65 /* ManagerAssembly.swift in Sources */ = {isa = PBXBuildFile; fileRef = 9E633FC72610E8C20053BF65 /* ManagerAssembly.swift */; };
		9E6C07C82610BE5400274235 /* LaunchScreen.storyboard in Resources */ = {isa = PBXBuildFile; fileRef = 9E6C07C62610BE5400274235 /* LaunchScreen.storyboard */; };
		9E6C083D2610C28800274235 /* ServiceAssembly.swift in Sources */ = {isa = PBXBuildFile; fileRef = 9E6C07FA2610C28800274235 /* ServiceAssembly.swift */; };
		9E6C083E2610C28800274235 /* ApplicationAssembly.swift in Sources */ = {isa = PBXBuildFile; fileRef = 9E6C07FB2610C28800274235 /* ApplicationAssembly.swift */; };
		9E6C083F2610C28800274235 /* ModuleAssemply.swift in Sources */ = {isa = PBXBuildFile; fileRef = 9E6C07FC2610C28800274235 /* ModuleAssemply.swift */; };
		9E6C08402610C28800274235 /* ModuleAssemblyError.swift in Sources */ = {isa = PBXBuildFile; fileRef = 9E6C07FD2610C28800274235 /* ModuleAssemblyError.swift */; };
		9E6C08412610C28800274235 /* Module.swift in Sources */ = {isa = PBXBuildFile; fileRef = 9E6C07FE2610C28800274235 /* Module.swift */; };
		9E6C08422610C28800274235 /* CalendarAssembly.swift in Sources */ = {isa = PBXBuildFile; fileRef = 9E6C08022610C28800274235 /* CalendarAssembly.swift */; };
		9E6C08432610C28800274235 /* CalendarViewController.swift in Sources */ = {isa = PBXBuildFile; fileRef = 9E6C08032610C28800274235 /* CalendarViewController.swift */; };
		9E6C08442610C28800274235 /* CalendarPresenter.swift in Sources */ = {isa = PBXBuildFile; fileRef = 9E6C08042610C28800274235 /* CalendarPresenter.swift */; };
		9E6C08462610C28800274235 /* TabBarAssembly.swift in Sources */ = {isa = PBXBuildFile; fileRef = 9E6C08072610C28800274235 /* TabBarAssembly.swift */; };
		9E6C08472610C28800274235 /* TabBarPresenter.swift in Sources */ = {isa = PBXBuildFile; fileRef = 9E6C08082610C28800274235 /* TabBarPresenter.swift */; };
		9E6C08492610C28800274235 /* TabBarViewController.swift in Sources */ = {isa = PBXBuildFile; fileRef = 9E6C080A2610C28800274235 /* TabBarViewController.swift */; };
		9E6C084C2610C28800274235 /* StudentsPresenter.swift in Sources */ = {isa = PBXBuildFile; fileRef = 9E6C080E2610C28800274235 /* StudentsPresenter.swift */; };
		9E6C084F2610C28800274235 /* StudentsViewController.swift in Sources */ = {isa = PBXBuildFile; fileRef = 9E6C08122610C28800274235 /* StudentsViewController.swift */; };
		9E6C08502610C28800274235 /* StudentsAssembly.swift in Sources */ = {isa = PBXBuildFile; fileRef = 9E6C08132610C28800274235 /* StudentsAssembly.swift */; };
		9E6C08512610C28800274235 /* ProfileAssemby.swift in Sources */ = {isa = PBXBuildFile; fileRef = 9E6C08152610C28800274235 /* ProfileAssemby.swift */; };
		9E6C08532610C28800274235 /* ProfileViewController.swift in Sources */ = {isa = PBXBuildFile; fileRef = 9E6C08172610C28800274235 /* ProfileViewController.swift */; };
		9E6C08542610C28800274235 /* ProfilePresenter.swift in Sources */ = {isa = PBXBuildFile; fileRef = 9E6C08182610C28800274235 /* ProfilePresenter.swift */; };
		9E6C085C2610C28800274235 /* LoginAssembly.swift in Sources */ = {isa = PBXBuildFile; fileRef = 9E6C08262610C28800274235 /* LoginAssembly.swift */; };
		9E6C085D2610C28800274235 /* LoginPresenter.swift in Sources */ = {isa = PBXBuildFile; fileRef = 9E6C08272610C28800274235 /* LoginPresenter.swift */; };
		9E6C085F2610C28800274235 /* LoginViewController.swift in Sources */ = {isa = PBXBuildFile; fileRef = 9E6C082A2610C28800274235 /* LoginViewController.swift */; };
		9E6C08602610C28800274235 /* Strings.swift in Sources */ = {isa = PBXBuildFile; fileRef = 9E6C082C2610C28800274235 /* Strings.swift */; };
		9E6C08612610C28800274235 /* Assets.xcassets in Resources */ = {isa = PBXBuildFile; fileRef = 9E6C082D2610C28800274235 /* Assets.xcassets */; };
		9E6C08632610C28800274235 /* UILabel+Ext.swift in Sources */ = {isa = PBXBuildFile; fileRef = 9E6C08312610C28800274235 /* UILabel+Ext.swift */; };
		9E6C08642610C28800274235 /* UIFont+Ext.swift in Sources */ = {isa = PBXBuildFile; fileRef = 9E6C08322610C28800274235 /* UIFont+Ext.swift */; };
		9E6C08652610C28800274235 /* UIButton+Ext.swift in Sources */ = {isa = PBXBuildFile; fileRef = 9E6C08332610C28800274235 /* UIButton+Ext.swift */; };
		9E6C08662610C28800274235 /* UIImage+Color.swift in Sources */ = {isa = PBXBuildFile; fileRef = 9E6C08342610C28800274235 /* UIImage+Color.swift */; };
		9E6C08672610C28800274235 /* WindowTransitioner.swift in Sources */ = {isa = PBXBuildFile; fileRef = 9E6C08362610C28800274235 /* WindowTransitioner.swift */; };
		9E6C08682610C28800274235 /* Swinject+ModuleAssembly.swift in Sources */ = {isa = PBXBuildFile; fileRef = 9E6C08372610C28800274235 /* Swinject+ModuleAssembly.swift */; };
		9E6C08692610C28800274235 /* NavigationView.swift in Sources */ = {isa = PBXBuildFile; fileRef = 9E6C08382610C28800274235 /* NavigationView.swift */; };
		9E6C086A2610C28800274235 /* SelfConfigurableViewModel.swift in Sources */ = {isa = PBXBuildFile; fileRef = 9E6C08392610C28800274235 /* SelfConfigurableViewModel.swift */; };
		9E6C086B2610C28800274235 /* PresentingView.swift in Sources */ = {isa = PBXBuildFile; fileRef = 9E6C083A2610C28800274235 /* PresentingView.swift */; };
		9E6C086C2610C28800274235 /* UIApplication+ Ext.swift in Sources */ = {isa = PBXBuildFile; fileRef = 9E6C083B2610C28800274235 /* UIApplication+ Ext.swift */; };
		9E6C086D2610C28800274235 /* PoppingView.swift in Sources */ = {isa = PBXBuildFile; fileRef = 9E6C083C2610C28800274235 /* PoppingView.swift */; };
		9E6C08772610C2AB00274235 /* AppDelegate+RootController.swift in Sources */ = {isa = PBXBuildFile; fileRef = 9E6C08722610C2AB00274235 /* AppDelegate+RootController.swift */; };
		9E6C08792610C2AB00274235 /* AppDelegate.swift in Sources */ = {isa = PBXBuildFile; fileRef = 9E6C08742610C2AB00274235 /* AppDelegate.swift */; };
		9E6C087A2610C2AB00274235 /* Configuration.swift in Sources */ = {isa = PBXBuildFile; fileRef = 9E6C08752610C2AB00274235 /* Configuration.swift */; };
		9E71DF6626C81BFA0023CA78 /* DatabaseNotifier.swift in Sources */ = {isa = PBXBuildFile; fileRef = 9E71DF6526C81BF90023CA78 /* DatabaseNotifier.swift */; };
		9E78014226D4291F005967AA /* UIApplication+Ext.swift in Sources */ = {isa = PBXBuildFile; fileRef = 9E78014126D4291F005967AA /* UIApplication+Ext.swift */; };
		9E78014426D51459005967AA /* UIAlertController+Ext.swift in Sources */ = {isa = PBXBuildFile; fileRef = 9E78014326D51459005967AA /* UIAlertController+Ext.swift */; };
		9E78014826D58EE2005967AA /* EditEventViewController.swift in Sources */ = {isa = PBXBuildFile; fileRef = 9E78014726D58EE2005967AA /* EditEventViewController.swift */; };
		9E78014A26D58EFC005967AA /* EditEventAssembly.swift in Sources */ = {isa = PBXBuildFile; fileRef = 9E78014926D58EFC005967AA /* EditEventAssembly.swift */; };
		9E78014C26D58F22005967AA /* EditEventPresenter.swift in Sources */ = {isa = PBXBuildFile; fileRef = 9E78014B26D58F22005967AA /* EditEventPresenter.swift */; };
		9E78014F26D5912E005967AA /* EditEventView.swift in Sources */ = {isa = PBXBuildFile; fileRef = 9E78014E26D5912E005967AA /* EditEventView.swift */; };
		9E78015126D5930F005967AA /* Event.swift in Sources */ = {isa = PBXBuildFile; fileRef = 9E78015026D5930F005967AA /* Event.swift */; };
		9E78015426D59796005967AA /* EditEventRow.swift in Sources */ = {isa = PBXBuildFile; fileRef = 9E78015326D59796005967AA /* EditEventRow.swift */; };
		9E7834E926AC997100670138 /* AuthManager.swift in Sources */ = {isa = PBXBuildFile; fileRef = 9E7834E826AC997100670138 /* AuthManager.swift */; };
		9E7834EC26ACA1C500670138 /* AppCollapseNotifier.swift in Sources */ = {isa = PBXBuildFile; fileRef = 9E7834EB26ACA1C500670138 /* AppCollapseNotifier.swift */; };
		9E7834EE26ACA24B00670138 /* AuthNotifier.swift in Sources */ = {isa = PBXBuildFile; fileRef = 9E7834ED26ACA24B00670138 /* AuthNotifier.swift */; };
		9E7834F026ACA4B100670138 /* NotifiersAssembly.swift in Sources */ = {isa = PBXBuildFile; fileRef = 9E7834EF26ACA4B100670138 /* NotifiersAssembly.swift */; };
		9E7834FA26AD859400670138 /* GoogleService-Info.plist in Resources */ = {isa = PBXBuildFile; fileRef = 9E7834F926AD859400670138 /* GoogleService-Info.plist */; };
		9E7834FD26AD8A2B00670138 /* LaunchAssambly.swift in Sources */ = {isa = PBXBuildFile; fileRef = 9E7834FC26AD8A2B00670138 /* LaunchAssambly.swift */; };
		9E7834FF26AD8A3900670138 /* LaunchViewController.swift in Sources */ = {isa = PBXBuildFile; fileRef = 9E7834FE26AD8A3900670138 /* LaunchViewController.swift */; };
		9E78350126AD8A4300670138 /* LaunchView.swift in Sources */ = {isa = PBXBuildFile; fileRef = 9E78350026AD8A4300670138 /* LaunchView.swift */; };
		9E78350326AD8A5A00670138 /* LaunchPresenter.swift in Sources */ = {isa = PBXBuildFile; fileRef = 9E78350226AD8A5A00670138 /* LaunchPresenter.swift */; };
		9E80B28A26D6C8BB00D89DCA /* TableCellWithStackView.swift in Sources */ = {isa = PBXBuildFile; fileRef = 9E80B28926D6C8BB00D89DCA /* TableCellWithStackView.swift */; };
		9E80B29226D6C94400D89DCA /* EditEventNoteTableCell.swift in Sources */ = {isa = PBXBuildFile; fileRef = 9E80B29126D6C94400D89DCA /* EditEventNoteTableCell.swift */; };
		9E80B29826D6C98700D89DCA /* TableCellWithStackViewModel.swift in Sources */ = {isa = PBXBuildFile; fileRef = 9E80B29726D6C98700D89DCA /* TableCellWithStackViewModel.swift */; };
		9E80B2A026D6CC3F00D89DCA /* EventNoteViewModel.swift in Sources */ = {isa = PBXBuildFile; fileRef = 9E80B29F26D6CC3F00D89DCA /* EventNoteViewModel.swift */; };
		9E80B2A226D6D04400D89DCA /* TableCellWithTextField.swift in Sources */ = {isa = PBXBuildFile; fileRef = 9E80B2A126D6D04400D89DCA /* TableCellWithTextField.swift */; };
		9E80B2A426D6D89800D89DCA /* TableCellWithTextFieldViewModel.swift in Sources */ = {isa = PBXBuildFile; fileRef = 9E80B2A326D6D89800D89DCA /* TableCellWithTextFieldViewModel.swift */; };
		9E80B2A626D809D200D89DCA /* ViewWithTitleAndText.swift in Sources */ = {isa = PBXBuildFile; fileRef = 9E80B2A526D809D200D89DCA /* ViewWithTitleAndText.swift */; };
		9EBB6AE0264927A8003053D8 /* TabBar.storyboard in Resources */ = {isa = PBXBuildFile; fileRef = 9EBB6ADF264927A8003053D8 /* TabBar.storyboard */; };
		9EBB6AE3264927D9003053D8 /* Students.storyboard in Resources */ = {isa = PBXBuildFile; fileRef = 9EBB6AE2264927D9003053D8 /* Students.storyboard */; };
		9EBB6AE6264927F3003053D8 /* Calendar.storyboard in Resources */ = {isa = PBXBuildFile; fileRef = 9EBB6AE5264927F3003053D8 /* Calendar.storyboard */; };
		9EBB6AE926492801003053D8 /* Profile.storyboard in Resources */ = {isa = PBXBuildFile; fileRef = 9EBB6AE826492801003053D8 /* Profile.storyboard */; };
		9EBF6B4F2629E1910079871B /* ProfileView.swift in Sources */ = {isa = PBXBuildFile; fileRef = 9EBF6B4E2629E1910079871B /* ProfileView.swift */; };
		9EBF6B582629E4C20079871B /* CalendarView.swift in Sources */ = {isa = PBXBuildFile; fileRef = 9EBF6B572629E4C20079871B /* CalendarView.swift */; };
		9ED6FF4C26DB8CC1003B65EB /* EditEventElem.swift in Sources */ = {isa = PBXBuildFile; fileRef = 9ED6FF4B26DB8CC1003B65EB /* EditEventElem.swift */; };
		9ED8B9DC263FCF270022BA1B /* EmptySelfConfigurableViewModel.swift in Sources */ = {isa = PBXBuildFile; fileRef = 9ED8B9DB263FCF260022BA1B /* EmptySelfConfigurableViewModel.swift */; };
		9ED8B9DF263FD2FC0022BA1B /* Student.swift in Sources */ = {isa = PBXBuildFile; fileRef = 9ED8B9DE263FD2FC0022BA1B /* Student.swift */; };
		9ED8B9E3263FD4FE0022BA1B /* StudentViewModelCell.swift in Sources */ = {isa = PBXBuildFile; fileRef = 9ED8B9E2263FD4FE0022BA1B /* StudentViewModelCell.swift */; };
		9ED8B9E7263FD5AD0022BA1B /* StudentTableCell.swift in Sources */ = {isa = PBXBuildFile; fileRef = 9ED8B9E6263FD5AD0022BA1B /* StudentTableCell.swift */; };
		9ED8B9EA263FD8FD0022BA1B /* Colors.xcassets in Resources */ = {isa = PBXBuildFile; fileRef = 9ED8B9E9263FD8FD0022BA1B /* Colors.xcassets */; };
		9ED9790026DC099E00E21AB9 /* UITextField+Ext.swift in Sources */ = {isa = PBXBuildFile; fileRef = 9ED978FF26DC099E00E21AB9 /* UITextField+Ext.swift */; };
		9EDF5B4326D25BF500D76F23 /* NavigationBar+Ext.swift in Sources */ = {isa = PBXBuildFile; fileRef = 9EDF5B4226D25BF500D76F23 /* NavigationBar+Ext.swift */; };
		F8CB0B5651143BC371E4E852 /* Pods_TeachOrgCalendar.framework in Frameworks */ = {isa = PBXBuildFile; fileRef = F3E09D88E2DC53368BBC079B /* Pods_TeachOrgCalendar.framework */; };
/* End PBXBuildFile section */

/* Begin PBXFileReference section */
		552ED8638C63EA7D7A1193DB /* Pods-TeachOrgCalendar.release.xcconfig */ = {isa = PBXFileReference; includeInIndex = 1; lastKnownFileType = text.xcconfig; name = "Pods-TeachOrgCalendar.release.xcconfig"; path = "Target Support Files/Pods-TeachOrgCalendar/Pods-TeachOrgCalendar.release.xcconfig"; sourceTree = "<group>"; };
		9E10794526BDBF7400D0DA19 /* DisciplineCollectionViewCell.swift */ = {isa = PBXFileReference; lastKnownFileType = sourcecode.swift; path = DisciplineCollectionViewCell.swift; sourceTree = "<group>"; };
		9E10794726BDBF9500D0DA19 /* AddDisciplineCollectionViewCell.swift */ = {isa = PBXFileReference; lastKnownFileType = sourcecode.swift; path = AddDisciplineCollectionViewCell.swift; sourceTree = "<group>"; };
		9E10794B26BDC1F500D0DA19 /* AddDisciplineCollectionViewModel.swift */ = {isa = PBXFileReference; lastKnownFileType = sourcecode.swift; path = AddDisciplineCollectionViewModel.swift; sourceTree = "<group>"; };
		9E10794D26BDC20D00D0DA19 /* DisciplineCollectionViewModel.swift */ = {isa = PBXFileReference; lastKnownFileType = sourcecode.swift; path = DisciplineCollectionViewModel.swift; sourceTree = "<group>"; };
		9E27E38326C310CF009E19B9 /* UITextView+Ext.swift */ = {isa = PBXFileReference; lastKnownFileType = sourcecode.swift; path = "UITextView+Ext.swift"; sourceTree = "<group>"; };
		9E29D01F26BB0B36003B88CE /* StudentRow.swift */ = {isa = PBXFileReference; lastKnownFileType = sourcecode.swift; path = StudentRow.swift; sourceTree = "<group>"; };
		9E29D02126BB0C71003B88CE /* EditNameCellViewModel.swift */ = {isa = PBXFileReference; lastKnownFileType = sourcecode.swift; path = EditNameCellViewModel.swift; sourceTree = "<group>"; };
		9E29D02326BB0C90003B88CE /* EditDisciplineTableCellViewModel.swift */ = {isa = PBXFileReference; lastKnownFileType = sourcecode.swift; path = EditDisciplineTableCellViewModel.swift; sourceTree = "<group>"; };
		9E29D02526BB0CE7003B88CE /* EditNameTableCell.swift */ = {isa = PBXFileReference; lastKnownFileType = sourcecode.swift; path = EditNameTableCell.swift; sourceTree = "<group>"; };
		9E29D02726BB0D02003B88CE /* EditDisciplineTableCell.swift */ = {isa = PBXFileReference; lastKnownFileType = sourcecode.swift; path = EditDisciplineTableCell.swift; sourceTree = "<group>"; };
		9E29D02926BB0D25003B88CE /* EditContactsTableCell.swift */ = {isa = PBXFileReference; lastKnownFileType = sourcecode.swift; path = EditContactsTableCell.swift; sourceTree = "<group>"; };
		9E29D02B26BB0D55003B88CE /* EditNoteTableCell.swift */ = {isa = PBXFileReference; lastKnownFileType = sourcecode.swift; path = EditNoteTableCell.swift; sourceTree = "<group>"; };
		9E29D02D26BB0D8C003B88CE /* EditContactsCellViewModel.swift */ = {isa = PBXFileReference; lastKnownFileType = sourcecode.swift; path = EditContactsCellViewModel.swift; sourceTree = "<group>"; };
		9E29D02F26BB0D9A003B88CE /* EditNoteCellViewModel.swift */ = {isa = PBXFileReference; lastKnownFileType = sourcecode.swift; path = EditNoteCellViewModel.swift; sourceTree = "<group>"; };
		9E3A1DCC26C90E780044D17B /* DismissingView.swift */ = {isa = PBXFileReference; lastKnownFileType = sourcecode.swift; path = DismissingView.swift; sourceTree = "<group>"; };
		9E3A1DD026C943EF0044D17B /* StudentPresenter.swift */ = {isa = PBXFileReference; lastKnownFileType = sourcecode.swift; path = StudentPresenter.swift; sourceTree = "<group>"; };
		9E3A1DD226C9440F0044D17B /* StudentViewController.swift */ = {isa = PBXFileReference; lastKnownFileType = sourcecode.swift; path = StudentViewController.swift; sourceTree = "<group>"; };
		9E3A1DD426C944200044D17B /* StudentAssembly.swift */ = {isa = PBXFileReference; lastKnownFileType = sourcecode.swift; path = StudentAssembly.swift; sourceTree = "<group>"; };
		9E3A1DD626C9442D0044D17B /* StudentView.swift */ = {isa = PBXFileReference; lastKnownFileType = sourcecode.swift; path = StudentView.swift; sourceTree = "<group>"; };
		9E3A1DDB26C971FA0044D17B /* StudentProfileRow.swift */ = {isa = PBXFileReference; lastKnownFileType = sourcecode.swift; path = StudentProfileRow.swift; sourceTree = "<group>"; };
		9E3A1DDD26C97DE10044D17B /* StudentNameTableCell.swift */ = {isa = PBXFileReference; lastKnownFileType = sourcecode.swift; path = StudentNameTableCell.swift; sourceTree = "<group>"; };
		9E3A1DDF26C97E0D0044D17B /* StudentDisciplineTableCell.swift */ = {isa = PBXFileReference; lastKnownFileType = sourcecode.swift; path = StudentDisciplineTableCell.swift; sourceTree = "<group>"; };
		9E3A1DE126C97FE80044D17B /* StudentContactsTableCell.swift */ = {isa = PBXFileReference; lastKnownFileType = sourcecode.swift; path = StudentContactsTableCell.swift; sourceTree = "<group>"; };
		9E3A1DE326C97FFB0044D17B /* StudentNoteTableCell.swift */ = {isa = PBXFileReference; lastKnownFileType = sourcecode.swift; path = StudentNoteTableCell.swift; sourceTree = "<group>"; };
		9E3E56FE265C15F4007D6D51 /* EditStudentAssembly.swift */ = {isa = PBXFileReference; lastKnownFileType = sourcecode.swift; path = EditStudentAssembly.swift; sourceTree = "<group>"; };
		9E3E5700265C1602007D6D51 /* EditStudentPresenter.swift */ = {isa = PBXFileReference; lastKnownFileType = sourcecode.swift; path = EditStudentPresenter.swift; sourceTree = "<group>"; };
		9E3E5702265C1615007D6D51 /* EditStudentViewController.swift */ = {isa = PBXFileReference; lastKnownFileType = sourcecode.swift; path = EditStudentViewController.swift; sourceTree = "<group>"; };
		9E3E5704265C162B007D6D51 /* EditStudentView.swift */ = {isa = PBXFileReference; lastKnownFileType = sourcecode.swift; path = EditStudentView.swift; sourceTree = "<group>"; };
		9E43012226E523A500E63228 /* EditEventReminderAndPriceTableCell.swift */ = {isa = PBXFileReference; lastKnownFileType = sourcecode.swift; path = EditEventReminderAndPriceTableCell.swift; sourceTree = "<group>"; };
		9E43012626E52A5700E63228 /* EditEventReminderAndPriceViewModel.swift */ = {isa = PBXFileReference; lastKnownFileType = sourcecode.swift; path = EditEventReminderAndPriceViewModel.swift; sourceTree = "<group>"; };
		9E43012826E52E9900E63228 /* Reminder.swift */ = {isa = PBXFileReference; lastKnownFileType = sourcecode.swift; path = Reminder.swift; sourceTree = "<group>"; };
		9E4542E526E7AF1B000F6D3E /* Repeatedly.swift */ = {isa = PBXFileReference; lastKnownFileType = sourcecode.swift; path = Repeatedly.swift; sourceTree = "<group>"; };
		9E4542E726E7DF6C000F6D3E /* TimeInterval+Ext.swift */ = {isa = PBXFileReference; lastKnownFileType = sourcecode.swift; path = "TimeInterval+Ext.swift"; sourceTree = "<group>"; };
		9E493BD82641778C00AE7E86 /* UIColor+Ext.swift */ = {isa = PBXFileReference; lastKnownFileType = sourcecode.swift; path = "UIColor+Ext.swift"; sourceTree = "<group>"; };
		9E5FB61126B6B2CF00B4E50D /* DatabaseManager.swift */ = {isa = PBXFileReference; lastKnownFileType = sourcecode.swift; path = DatabaseManager.swift; sourceTree = "<group>"; };
		9E633FAE2610D0AC0053BF65 /* UIView+Ext.swift */ = {isa = PBXFileReference; lastKnownFileType = sourcecode.swift; path = "UIView+Ext.swift"; sourceTree = "<group>"; };
		9E633FB32610D2B10053BF65 /* LoginView.swift */ = {isa = PBXFileReference; lastKnownFileType = sourcecode.swift; path = LoginView.swift; sourceTree = "<group>"; };
		9E633FB62610D3470053BF65 /* StudentsView.swift */ = {isa = PBXFileReference; lastKnownFileType = sourcecode.swift; path = StudentsView.swift; sourceTree = "<group>"; };
		9E633FBE2610D8220053BF65 /* AppNavigator.swift */ = {isa = PBXFileReference; lastKnownFileType = sourcecode.swift; path = AppNavigator.swift; sourceTree = "<group>"; };
		9E633FC22610D9BA0053BF65 /* AppCoordinator.swift */ = {isa = PBXFileReference; lastKnownFileType = sourcecode.swift; path = AppCoordinator.swift; sourceTree = "<group>"; };
		9E633FC72610E8C20053BF65 /* ManagerAssembly.swift */ = {isa = PBXFileReference; lastKnownFileType = sourcecode.swift; path = ManagerAssembly.swift; sourceTree = "<group>"; };
		9E6C07B82610BE5300274235 /* TeachOrgCalendar.app */ = {isa = PBXFileReference; explicitFileType = wrapper.application; includeInIndex = 0; path = TeachOrgCalendar.app; sourceTree = BUILT_PRODUCTS_DIR; };
		9E6C07C72610BE5400274235 /* Base */ = {isa = PBXFileReference; lastKnownFileType = file.storyboard; name = Base; path = Base.lproj/LaunchScreen.storyboard; sourceTree = "<group>"; };
		9E6C07C92610BE5400274235 /* Info.plist */ = {isa = PBXFileReference; lastKnownFileType = text.plist.xml; path = Info.plist; sourceTree = "<group>"; };
		9E6C07FA2610C28800274235 /* ServiceAssembly.swift */ = {isa = PBXFileReference; fileEncoding = 4; lastKnownFileType = sourcecode.swift; path = ServiceAssembly.swift; sourceTree = "<group>"; };
		9E6C07FB2610C28800274235 /* ApplicationAssembly.swift */ = {isa = PBXFileReference; fileEncoding = 4; lastKnownFileType = sourcecode.swift; path = ApplicationAssembly.swift; sourceTree = "<group>"; };
		9E6C07FC2610C28800274235 /* ModuleAssemply.swift */ = {isa = PBXFileReference; fileEncoding = 4; lastKnownFileType = sourcecode.swift; path = ModuleAssemply.swift; sourceTree = "<group>"; };
		9E6C07FD2610C28800274235 /* ModuleAssemblyError.swift */ = {isa = PBXFileReference; fileEncoding = 4; lastKnownFileType = sourcecode.swift; path = ModuleAssemblyError.swift; sourceTree = "<group>"; };
		9E6C07FE2610C28800274235 /* Module.swift */ = {isa = PBXFileReference; fileEncoding = 4; lastKnownFileType = sourcecode.swift; path = Module.swift; sourceTree = "<group>"; };
		9E6C08022610C28800274235 /* CalendarAssembly.swift */ = {isa = PBXFileReference; fileEncoding = 4; lastKnownFileType = sourcecode.swift; path = CalendarAssembly.swift; sourceTree = "<group>"; };
		9E6C08032610C28800274235 /* CalendarViewController.swift */ = {isa = PBXFileReference; fileEncoding = 4; lastKnownFileType = sourcecode.swift; path = CalendarViewController.swift; sourceTree = "<group>"; };
		9E6C08042610C28800274235 /* CalendarPresenter.swift */ = {isa = PBXFileReference; fileEncoding = 4; lastKnownFileType = sourcecode.swift; path = CalendarPresenter.swift; sourceTree = "<group>"; };
		9E6C08072610C28800274235 /* TabBarAssembly.swift */ = {isa = PBXFileReference; fileEncoding = 4; lastKnownFileType = sourcecode.swift; path = TabBarAssembly.swift; sourceTree = "<group>"; };
		9E6C08082610C28800274235 /* TabBarPresenter.swift */ = {isa = PBXFileReference; fileEncoding = 4; lastKnownFileType = sourcecode.swift; path = TabBarPresenter.swift; sourceTree = "<group>"; };
		9E6C080A2610C28800274235 /* TabBarViewController.swift */ = {isa = PBXFileReference; fileEncoding = 4; lastKnownFileType = sourcecode.swift; path = TabBarViewController.swift; sourceTree = "<group>"; };
		9E6C080E2610C28800274235 /* StudentsPresenter.swift */ = {isa = PBXFileReference; fileEncoding = 4; lastKnownFileType = sourcecode.swift; path = StudentsPresenter.swift; sourceTree = "<group>"; };
		9E6C08122610C28800274235 /* StudentsViewController.swift */ = {isa = PBXFileReference; fileEncoding = 4; lastKnownFileType = sourcecode.swift; path = StudentsViewController.swift; sourceTree = "<group>"; };
		9E6C08132610C28800274235 /* StudentsAssembly.swift */ = {isa = PBXFileReference; fileEncoding = 4; lastKnownFileType = sourcecode.swift; path = StudentsAssembly.swift; sourceTree = "<group>"; };
		9E6C08152610C28800274235 /* ProfileAssemby.swift */ = {isa = PBXFileReference; fileEncoding = 4; lastKnownFileType = sourcecode.swift; path = ProfileAssemby.swift; sourceTree = "<group>"; };
		9E6C08172610C28800274235 /* ProfileViewController.swift */ = {isa = PBXFileReference; fileEncoding = 4; lastKnownFileType = sourcecode.swift; path = ProfileViewController.swift; sourceTree = "<group>"; };
		9E6C08182610C28800274235 /* ProfilePresenter.swift */ = {isa = PBXFileReference; fileEncoding = 4; lastKnownFileType = sourcecode.swift; path = ProfilePresenter.swift; sourceTree = "<group>"; };
		9E6C08262610C28800274235 /* LoginAssembly.swift */ = {isa = PBXFileReference; fileEncoding = 4; lastKnownFileType = sourcecode.swift; path = LoginAssembly.swift; sourceTree = "<group>"; };
		9E6C08272610C28800274235 /* LoginPresenter.swift */ = {isa = PBXFileReference; fileEncoding = 4; lastKnownFileType = sourcecode.swift; path = LoginPresenter.swift; sourceTree = "<group>"; };
		9E6C082A2610C28800274235 /* LoginViewController.swift */ = {isa = PBXFileReference; fileEncoding = 4; lastKnownFileType = sourcecode.swift; path = LoginViewController.swift; sourceTree = "<group>"; };
		9E6C082C2610C28800274235 /* Strings.swift */ = {isa = PBXFileReference; fileEncoding = 4; lastKnownFileType = sourcecode.swift; path = Strings.swift; sourceTree = "<group>"; };
		9E6C082D2610C28800274235 /* Assets.xcassets */ = {isa = PBXFileReference; lastKnownFileType = folder.assetcatalog; path = Assets.xcassets; sourceTree = "<group>"; };
		9E6C08312610C28800274235 /* UILabel+Ext.swift */ = {isa = PBXFileReference; fileEncoding = 4; lastKnownFileType = sourcecode.swift; path = "UILabel+Ext.swift"; sourceTree = "<group>"; };
		9E6C08322610C28800274235 /* UIFont+Ext.swift */ = {isa = PBXFileReference; fileEncoding = 4; lastKnownFileType = sourcecode.swift; path = "UIFont+Ext.swift"; sourceTree = "<group>"; };
		9E6C08332610C28800274235 /* UIButton+Ext.swift */ = {isa = PBXFileReference; fileEncoding = 4; lastKnownFileType = sourcecode.swift; path = "UIButton+Ext.swift"; sourceTree = "<group>"; };
		9E6C08342610C28800274235 /* UIImage+Color.swift */ = {isa = PBXFileReference; fileEncoding = 4; lastKnownFileType = sourcecode.swift; path = "UIImage+Color.swift"; sourceTree = "<group>"; };
		9E6C08362610C28800274235 /* WindowTransitioner.swift */ = {isa = PBXFileReference; fileEncoding = 4; lastKnownFileType = sourcecode.swift; path = WindowTransitioner.swift; sourceTree = "<group>"; };
		9E6C08372610C28800274235 /* Swinject+ModuleAssembly.swift */ = {isa = PBXFileReference; fileEncoding = 4; lastKnownFileType = sourcecode.swift; path = "Swinject+ModuleAssembly.swift"; sourceTree = "<group>"; };
		9E6C08382610C28800274235 /* NavigationView.swift */ = {isa = PBXFileReference; fileEncoding = 4; lastKnownFileType = sourcecode.swift; path = NavigationView.swift; sourceTree = "<group>"; };
		9E6C08392610C28800274235 /* SelfConfigurableViewModel.swift */ = {isa = PBXFileReference; fileEncoding = 4; lastKnownFileType = sourcecode.swift; path = SelfConfigurableViewModel.swift; sourceTree = "<group>"; };
		9E6C083A2610C28800274235 /* PresentingView.swift */ = {isa = PBXFileReference; fileEncoding = 4; lastKnownFileType = sourcecode.swift; path = PresentingView.swift; sourceTree = "<group>"; };
		9E6C083B2610C28800274235 /* UIApplication+ Ext.swift */ = {isa = PBXFileReference; fileEncoding = 4; lastKnownFileType = sourcecode.swift; path = "UIApplication+ Ext.swift"; sourceTree = "<group>"; };
		9E6C083C2610C28800274235 /* PoppingView.swift */ = {isa = PBXFileReference; fileEncoding = 4; lastKnownFileType = sourcecode.swift; path = PoppingView.swift; sourceTree = "<group>"; };
		9E6C08722610C2AB00274235 /* AppDelegate+RootController.swift */ = {isa = PBXFileReference; fileEncoding = 4; lastKnownFileType = sourcecode.swift; path = "AppDelegate+RootController.swift"; sourceTree = "<group>"; };
		9E6C08742610C2AB00274235 /* AppDelegate.swift */ = {isa = PBXFileReference; fileEncoding = 4; lastKnownFileType = sourcecode.swift; path = AppDelegate.swift; sourceTree = "<group>"; };
		9E6C08752610C2AB00274235 /* Configuration.swift */ = {isa = PBXFileReference; fileEncoding = 4; lastKnownFileType = sourcecode.swift; path = Configuration.swift; sourceTree = "<group>"; };
		9E71DF6526C81BF90023CA78 /* DatabaseNotifier.swift */ = {isa = PBXFileReference; lastKnownFileType = sourcecode.swift; path = DatabaseNotifier.swift; sourceTree = "<group>"; };
		9E78014126D4291F005967AA /* UIApplication+Ext.swift */ = {isa = PBXFileReference; lastKnownFileType = sourcecode.swift; path = "UIApplication+Ext.swift"; sourceTree = "<group>"; };
		9E78014326D51459005967AA /* UIAlertController+Ext.swift */ = {isa = PBXFileReference; lastKnownFileType = sourcecode.swift; path = "UIAlertController+Ext.swift"; sourceTree = "<group>"; };
		9E78014726D58EE2005967AA /* EditEventViewController.swift */ = {isa = PBXFileReference; lastKnownFileType = sourcecode.swift; path = EditEventViewController.swift; sourceTree = "<group>"; };
		9E78014926D58EFC005967AA /* EditEventAssembly.swift */ = {isa = PBXFileReference; lastKnownFileType = sourcecode.swift; path = EditEventAssembly.swift; sourceTree = "<group>"; };
		9E78014B26D58F22005967AA /* EditEventPresenter.swift */ = {isa = PBXFileReference; lastKnownFileType = sourcecode.swift; path = EditEventPresenter.swift; sourceTree = "<group>"; };
		9E78014E26D5912E005967AA /* EditEventView.swift */ = {isa = PBXFileReference; lastKnownFileType = sourcecode.swift; path = EditEventView.swift; sourceTree = "<group>"; };
		9E78015026D5930F005967AA /* Event.swift */ = {isa = PBXFileReference; lastKnownFileType = sourcecode.swift; path = Event.swift; sourceTree = "<group>"; };
		9E78015326D59796005967AA /* EditEventRow.swift */ = {isa = PBXFileReference; lastKnownFileType = sourcecode.swift; path = EditEventRow.swift; sourceTree = "<group>"; };
		9E7834E726AC8E1400670138 /* TeachOrgCalendar.entitlements */ = {isa = PBXFileReference; lastKnownFileType = text.plist.entitlements; path = TeachOrgCalendar.entitlements; sourceTree = "<group>"; };
		9E7834E826AC997100670138 /* AuthManager.swift */ = {isa = PBXFileReference; lastKnownFileType = sourcecode.swift; path = AuthManager.swift; sourceTree = "<group>"; };
		9E7834EB26ACA1C500670138 /* AppCollapseNotifier.swift */ = {isa = PBXFileReference; lastKnownFileType = sourcecode.swift; path = AppCollapseNotifier.swift; sourceTree = "<group>"; };
		9E7834ED26ACA24B00670138 /* AuthNotifier.swift */ = {isa = PBXFileReference; lastKnownFileType = sourcecode.swift; path = AuthNotifier.swift; sourceTree = "<group>"; };
		9E7834EF26ACA4B100670138 /* NotifiersAssembly.swift */ = {isa = PBXFileReference; lastKnownFileType = sourcecode.swift; path = NotifiersAssembly.swift; sourceTree = "<group>"; };
		9E7834F926AD859400670138 /* GoogleService-Info.plist */ = {isa = PBXFileReference; fileEncoding = 4; lastKnownFileType = text.plist.xml; path = "GoogleService-Info.plist"; sourceTree = "<group>"; };
		9E7834FC26AD8A2B00670138 /* LaunchAssambly.swift */ = {isa = PBXFileReference; lastKnownFileType = sourcecode.swift; path = LaunchAssambly.swift; sourceTree = "<group>"; };
		9E7834FE26AD8A3900670138 /* LaunchViewController.swift */ = {isa = PBXFileReference; lastKnownFileType = sourcecode.swift; path = LaunchViewController.swift; sourceTree = "<group>"; };
		9E78350026AD8A4300670138 /* LaunchView.swift */ = {isa = PBXFileReference; lastKnownFileType = sourcecode.swift; path = LaunchView.swift; sourceTree = "<group>"; };
		9E78350226AD8A5A00670138 /* LaunchPresenter.swift */ = {isa = PBXFileReference; lastKnownFileType = sourcecode.swift; path = LaunchPresenter.swift; sourceTree = "<group>"; };
		9E80B28926D6C8BB00D89DCA /* TableCellWithStackView.swift */ = {isa = PBXFileReference; lastKnownFileType = sourcecode.swift; path = TableCellWithStackView.swift; sourceTree = "<group>"; };
		9E80B29126D6C94400D89DCA /* EditEventNoteTableCell.swift */ = {isa = PBXFileReference; lastKnownFileType = sourcecode.swift; path = EditEventNoteTableCell.swift; sourceTree = "<group>"; };
		9E80B29726D6C98700D89DCA /* TableCellWithStackViewModel.swift */ = {isa = PBXFileReference; lastKnownFileType = sourcecode.swift; path = TableCellWithStackViewModel.swift; sourceTree = "<group>"; };
		9E80B29F26D6CC3F00D89DCA /* EventNoteViewModel.swift */ = {isa = PBXFileReference; lastKnownFileType = sourcecode.swift; path = EventNoteViewModel.swift; sourceTree = "<group>"; };
		9E80B2A126D6D04400D89DCA /* TableCellWithTextField.swift */ = {isa = PBXFileReference; lastKnownFileType = sourcecode.swift; path = TableCellWithTextField.swift; sourceTree = "<group>"; };
		9E80B2A326D6D89800D89DCA /* TableCellWithTextFieldViewModel.swift */ = {isa = PBXFileReference; lastKnownFileType = sourcecode.swift; path = TableCellWithTextFieldViewModel.swift; sourceTree = "<group>"; };
		9E80B2A526D809D200D89DCA /* ViewWithTitleAndText.swift */ = {isa = PBXFileReference; lastKnownFileType = sourcecode.swift; path = ViewWithTitleAndText.swift; sourceTree = "<group>"; };
		9EBB6ADF264927A8003053D8 /* TabBar.storyboard */ = {isa = PBXFileReference; lastKnownFileType = file.storyboard; path = TabBar.storyboard; sourceTree = "<group>"; };
		9EBB6AE2264927D9003053D8 /* Students.storyboard */ = {isa = PBXFileReference; lastKnownFileType = file.storyboard; path = Students.storyboard; sourceTree = "<group>"; };
		9EBB6AE5264927F3003053D8 /* Calendar.storyboard */ = {isa = PBXFileReference; lastKnownFileType = file.storyboard; path = Calendar.storyboard; sourceTree = "<group>"; };
		9EBB6AE826492801003053D8 /* Profile.storyboard */ = {isa = PBXFileReference; lastKnownFileType = file.storyboard; path = Profile.storyboard; sourceTree = "<group>"; };
		9EBF6B4E2629E1910079871B /* ProfileView.swift */ = {isa = PBXFileReference; lastKnownFileType = sourcecode.swift; path = ProfileView.swift; sourceTree = "<group>"; };
		9EBF6B572629E4C20079871B /* CalendarView.swift */ = {isa = PBXFileReference; lastKnownFileType = sourcecode.swift; path = CalendarView.swift; sourceTree = "<group>"; };
		9ED6FF4B26DB8CC1003B65EB /* EditEventElem.swift */ = {isa = PBXFileReference; lastKnownFileType = sourcecode.swift; path = EditEventElem.swift; sourceTree = "<group>"; };
		9ED8B9DB263FCF260022BA1B /* EmptySelfConfigurableViewModel.swift */ = {isa = PBXFileReference; lastKnownFileType = sourcecode.swift; path = EmptySelfConfigurableViewModel.swift; sourceTree = "<group>"; };
		9ED8B9DE263FD2FC0022BA1B /* Student.swift */ = {isa = PBXFileReference; lastKnownFileType = sourcecode.swift; path = Student.swift; sourceTree = "<group>"; };
		9ED8B9E2263FD4FE0022BA1B /* StudentViewModelCell.swift */ = {isa = PBXFileReference; lastKnownFileType = sourcecode.swift; path = StudentViewModelCell.swift; sourceTree = "<group>"; };
		9ED8B9E6263FD5AD0022BA1B /* StudentTableCell.swift */ = {isa = PBXFileReference; lastKnownFileType = sourcecode.swift; path = StudentTableCell.swift; sourceTree = "<group>"; };
		9ED8B9E9263FD8FD0022BA1B /* Colors.xcassets */ = {isa = PBXFileReference; lastKnownFileType = folder.assetcatalog; path = Colors.xcassets; sourceTree = "<group>"; };
		9ED978FF26DC099E00E21AB9 /* UITextField+Ext.swift */ = {isa = PBXFileReference; lastKnownFileType = sourcecode.swift; path = "UITextField+Ext.swift"; sourceTree = "<group>"; };
		9EDF5B4226D25BF500D76F23 /* NavigationBar+Ext.swift */ = {isa = PBXFileReference; lastKnownFileType = sourcecode.swift; path = "NavigationBar+Ext.swift"; sourceTree = "<group>"; };
		ED8E12C24846FA9D17E14CE4 /* Pods-TeachOrgCalendar.debug.xcconfig */ = {isa = PBXFileReference; includeInIndex = 1; lastKnownFileType = text.xcconfig; name = "Pods-TeachOrgCalendar.debug.xcconfig"; path = "Target Support Files/Pods-TeachOrgCalendar/Pods-TeachOrgCalendar.debug.xcconfig"; sourceTree = "<group>"; };
		F3E09D88E2DC53368BBC079B /* Pods_TeachOrgCalendar.framework */ = {isa = PBXFileReference; explicitFileType = wrapper.framework; includeInIndex = 0; path = Pods_TeachOrgCalendar.framework; sourceTree = BUILT_PRODUCTS_DIR; };
/* End PBXFileReference section */

/* Begin PBXFrameworksBuildPhase section */
		9E6C07B52610BE5300274235 /* Frameworks */ = {
			isa = PBXFrameworksBuildPhase;
			buildActionMask = 2147483647;
			files = (
				F8CB0B5651143BC371E4E852 /* Pods_TeachOrgCalendar.framework in Frameworks */,
			);
			runOnlyForDeploymentPostprocessing = 0;
		};
/* End PBXFrameworksBuildPhase section */

/* Begin PBXGroup section */
		288DD44F3168AFB10AFF028B /* Frameworks */ = {
			isa = PBXGroup;
			children = (
				F3E09D88E2DC53368BBC079B /* Pods_TeachOrgCalendar.framework */,
			);
			name = Frameworks;
			sourceTree = "<group>";
		};
		911B74EE2A7D9A7E58AAFC30 /* Pods */ = {
			isa = PBXGroup;
			children = (
				ED8E12C24846FA9D17E14CE4 /* Pods-TeachOrgCalendar.debug.xcconfig */,
				552ED8638C63EA7D7A1193DB /* Pods-TeachOrgCalendar.release.xcconfig */,
			);
			path = Pods;
			sourceTree = "<group>";
		};
		9E10794926BDBFC200D0DA19 /* CollectionCell */ = {
			isa = PBXGroup;
			children = (
				9E10794526BDBF7400D0DA19 /* DisciplineCollectionViewCell.swift */,
				9E10794726BDBF9500D0DA19 /* AddDisciplineCollectionViewCell.swift */,
			);
			path = CollectionCell;
			sourceTree = "<group>";
		};
		9E10794A26BDBFE700D0DA19 /* TableCell */ = {
			isa = PBXGroup;
			children = (
				9E29D02526BB0CE7003B88CE /* EditNameTableCell.swift */,
				9E29D02726BB0D02003B88CE /* EditDisciplineTableCell.swift */,
				9E29D02926BB0D25003B88CE /* EditContactsTableCell.swift */,
				9E29D02B26BB0D55003B88CE /* EditNoteTableCell.swift */,
			);
			path = TableCell;
			sourceTree = "<group>";
		};
		9E15D56E26610A28006F41A2 /* Service */ = {
			isa = PBXGroup;
			children = (
				9E6C07F92610C28800274235 /* DI */,
			);
			path = Service;
			sourceTree = "<group>";
		};
		9E29D01E26BB0B1D003B88CE /* Model */ = {
			isa = PBXGroup;
			children = (
				9E29D01F26BB0B36003B88CE /* StudentRow.swift */,
			);
			path = Model;
			sourceTree = "<group>";
		};
		9E3A1DCE26C90E8C0044D17B /* UI */ = {
			isa = PBXGroup;
			children = (
				9E6C08362610C28800274235 /* WindowTransitioner.swift */,
				9E6C083A2610C28800274235 /* PresentingView.swift */,
				9E6C08382610C28800274235 /* NavigationView.swift */,
				9E6C083C2610C28800274235 /* PoppingView.swift */,
				9E3A1DCC26C90E780044D17B /* DismissingView.swift */,
			);
			name = UI;
			sourceTree = "<group>";
		};
		9E3A1DCF26C943C90044D17B /* StudentProfile */ = {
			isa = PBXGroup;
			children = (
				9E3A1DDA26C944610044D17B /* Model */,
				9E3A1DD926C944470044D17B /* ViewModel */,
				9E3A1DD826C9443F0044D17B /* View */,
				9E3A1DD426C944200044D17B /* StudentAssembly.swift */,
				9E3A1DD026C943EF0044D17B /* StudentPresenter.swift */,
				9E3A1DD226C9440F0044D17B /* StudentViewController.swift */,
			);
			path = StudentProfile;
			sourceTree = "<group>";
		};
		9E3A1DD826C9443F0044D17B /* View */ = {
			isa = PBXGroup;
			children = (
				9E3A1DD626C9442D0044D17B /* StudentView.swift */,
				9E3A1DDD26C97DE10044D17B /* StudentNameTableCell.swift */,
				9E3A1DDF26C97E0D0044D17B /* StudentDisciplineTableCell.swift */,
				9E3A1DE126C97FE80044D17B /* StudentContactsTableCell.swift */,
				9E3A1DE326C97FFB0044D17B /* StudentNoteTableCell.swift */,
			);
			path = View;
			sourceTree = "<group>";
		};
		9E3A1DD926C944470044D17B /* ViewModel */ = {
			isa = PBXGroup;
			children = (
			);
			path = ViewModel;
			sourceTree = "<group>";
		};
		9E3A1DDA26C944610044D17B /* Model */ = {
			isa = PBXGroup;
			children = (
				9E3A1DDB26C971FA0044D17B /* StudentProfileRow.swift */,
			);
			path = Model;
			sourceTree = "<group>";
		};
		9E3E56FD265C15BD007D6D51 /* EditStudent */ = {
			isa = PBXGroup;
			children = (
				9E29D01E26BB0B1D003B88CE /* Model */,
				9E5FB61D26B6EEC600B4E50D /* ViewModel */,
				9E5FB61E26B6EED000B4E50D /* View */,
				9E3E56FE265C15F4007D6D51 /* EditStudentAssembly.swift */,
				9E3E5700265C1602007D6D51 /* EditStudentPresenter.swift */,
				9E3E5702265C1615007D6D51 /* EditStudentViewController.swift */,
			);
			path = EditStudent;
			sourceTree = "<group>";
		};
		9E493BD72641776200AE7E86 /* UIKit */ = {
			isa = PBXGroup;
			children = (
				9E6C08322610C28800274235 /* UIFont+Ext.swift */,
				9E6C08332610C28800274235 /* UIButton+Ext.swift */,
				9E6C08342610C28800274235 /* UIImage+Color.swift */,
				9E633FAE2610D0AC0053BF65 /* UIView+Ext.swift */,
				9E493BD82641778C00AE7E86 /* UIColor+Ext.swift */,
				9E6C08312610C28800274235 /* UILabel+Ext.swift */,
				9ED978FF26DC099E00E21AB9 /* UITextField+Ext.swift */,
				9E27E38326C310CF009E19B9 /* UITextView+Ext.swift */,
				9EDF5B4226D25BF500D76F23 /* NavigationBar+Ext.swift */,
				9E78014126D4291F005967AA /* UIApplication+Ext.swift */,
				9E78014326D51459005967AA /* UIAlertController+Ext.swift */,
				9E4542E726E7DF6C000F6D3E /* TimeInterval+Ext.swift */,
			);
			path = UIKit;
			sourceTree = "<group>";
		};
		9E5FB61D26B6EEC600B4E50D /* ViewModel */ = {
			isa = PBXGroup;
			children = (
				9E29D02126BB0C71003B88CE /* EditNameCellViewModel.swift */,
				9E29D02326BB0C90003B88CE /* EditDisciplineTableCellViewModel.swift */,
				9E29D02D26BB0D8C003B88CE /* EditContactsCellViewModel.swift */,
				9E29D02F26BB0D9A003B88CE /* EditNoteCellViewModel.swift */,
				9E10794D26BDC20D00D0DA19 /* DisciplineCollectionViewModel.swift */,
				9E10794B26BDC1F500D0DA19 /* AddDisciplineCollectionViewModel.swift */,
			);
			path = ViewModel;
			sourceTree = "<group>";
		};
		9E5FB61E26B6EED000B4E50D /* View */ = {
			isa = PBXGroup;
			children = (
				9E3E5704265C162B007D6D51 /* EditStudentView.swift */,
				9E10794A26BDBFE700D0DA19 /* TableCell */,
				9E10794926BDBFC200D0DA19 /* CollectionCell */,
			);
			path = View;
			sourceTree = "<group>";
		};
		9E633FC12610D99F0053BF65 /* Managers */ = {
			isa = PBXGroup;
			children = (
				9E7834E826AC997100670138 /* AuthManager.swift */,
				9E5FB61126B6B2CF00B4E50D /* DatabaseManager.swift */,
			);
			path = Managers;
			sourceTree = "<group>";
		};
		9E6C07AF2610BE5300274235 = {
			isa = PBXGroup;
			children = (
				9E6C07BA2610BE5300274235 /* TeachOrgCalendar */,
				9E6C07B92610BE5300274235 /* Products */,
				911B74EE2A7D9A7E58AAFC30 /* Pods */,
				288DD44F3168AFB10AFF028B /* Frameworks */,
			);
			sourceTree = "<group>";
		};
		9E6C07B92610BE5300274235 /* Products */ = {
			isa = PBXGroup;
			children = (
				9E6C07B82610BE5300274235 /* TeachOrgCalendar.app */,
			);
			name = Products;
			sourceTree = "<group>";
		};
		9E6C07BA2610BE5300274235 /* TeachOrgCalendar */ = {
			isa = PBXGroup;
			children = (
				9E7834E726AC8E1400670138 /* TeachOrgCalendar.entitlements */,
				9E6C08702610C2AB00274235 /* App */,
				9E6C08302610C28800274235 /* Utilities */,
				9E7834EA26ACA1A100670138 /* Notifiers */,
				9E6C07F72610C28800274235 /* Common */,
				9E633FC12610D99F0053BF65 /* Managers */,
				9E6C07FF2610C28800274235 /* Modules */,
				9E15D56E26610A28006F41A2 /* Service */,
				9E6C082B2610C28800274235 /* SupportFiles */,
			);
			path = TeachOrgCalendar;
			sourceTree = "<group>";
		};
		9E6C07F72610C28800274235 /* Common */ = {
			isa = PBXGroup;
			children = (
				9ED8B9DA263FCEFA0022BA1B /* Models */,
			);
			path = Common;
			sourceTree = "<group>";
		};
		9E6C07F92610C28800274235 /* DI */ = {
			isa = PBXGroup;
			children = (
				9E6C07FA2610C28800274235 /* ServiceAssembly.swift */,
				9E7834EF26ACA4B100670138 /* NotifiersAssembly.swift */,
				9E633FC72610E8C20053BF65 /* ManagerAssembly.swift */,
				9E6C07FB2610C28800274235 /* ApplicationAssembly.swift */,
				9E6C07FC2610C28800274235 /* ModuleAssemply.swift */,
				9E6C07FD2610C28800274235 /* ModuleAssemblyError.swift */,
				9E6C07FE2610C28800274235 /* Module.swift */,
			);
			path = DI;
			sourceTree = "<group>";
		};
		9E6C07FF2610C28800274235 /* Modules */ = {
			isa = PBXGroup;
			children = (
				9E7834FB26AD89CC00670138 /* Launch */,
				9E6C08252610C28800274235 /* Login */,
				9E6C08062610C28800274235 /* TabBar */,
				9E78014526D58E37005967AA /* Main */,
				9E3E56FD265C15BD007D6D51 /* EditStudent */,
				9E78014626D58E7F005967AA /* EditEvent */,
				9E3A1DCF26C943C90044D17B /* StudentProfile */,
			);
			path = Modules;
			sourceTree = "<group>";
		};
		9E6C08012610C28800274235 /* Calendar */ = {
			isa = PBXGroup;
			children = (
				9E6C08022610C28800274235 /* CalendarAssembly.swift */,
				9E6C08042610C28800274235 /* CalendarPresenter.swift */,
				9E6C08032610C28800274235 /* CalendarViewController.swift */,
				9EBF6B572629E4C20079871B /* CalendarView.swift */,
				9EBB6AE5264927F3003053D8 /* Calendar.storyboard */,
			);
			path = Calendar;
			sourceTree = "<group>";
		};
		9E6C08062610C28800274235 /* TabBar */ = {
			isa = PBXGroup;
			children = (
				9E6C08072610C28800274235 /* TabBarAssembly.swift */,
				9E6C08082610C28800274235 /* TabBarPresenter.swift */,
				9E6C080A2610C28800274235 /* TabBarViewController.swift */,
				9EBB6ADF264927A8003053D8 /* TabBar.storyboard */,
			);
			path = TabBar;
			sourceTree = "<group>";
		};
		9E6C080B2610C28800274235 /* Students */ = {
			isa = PBXGroup;
			children = (
				9ED8B9E5263FD50F0022BA1B /* ViewModel */,
				9ED8B9E1263FD4BF0022BA1B /* View */,
				9E6C08122610C28800274235 /* StudentsViewController.swift */,
				9E6C080E2610C28800274235 /* StudentsPresenter.swift */,
				9E6C08132610C28800274235 /* StudentsAssembly.swift */,
			);
			path = Students;
			sourceTree = "<group>";
		};
		9E6C08142610C28800274235 /* Profile */ = {
			isa = PBXGroup;
			children = (
				9E6C08152610C28800274235 /* ProfileAssemby.swift */,
				9E6C08182610C28800274235 /* ProfilePresenter.swift */,
				9E6C08172610C28800274235 /* ProfileViewController.swift */,
				9EBF6B4E2629E1910079871B /* ProfileView.swift */,
				9EBB6AE826492801003053D8 /* Profile.storyboard */,
			);
			path = Profile;
			sourceTree = "<group>";
		};
		9E6C08252610C28800274235 /* Login */ = {
			isa = PBXGroup;
			children = (
				9E6C08262610C28800274235 /* LoginAssembly.swift */,
				9E6C08272610C28800274235 /* LoginPresenter.swift */,
				9E6C082A2610C28800274235 /* LoginViewController.swift */,
				9E633FB32610D2B10053BF65 /* LoginView.swift */,
			);
			path = Login;
			sourceTree = "<group>";
		};
		9E6C082B2610C28800274235 /* SupportFiles */ = {
			isa = PBXGroup;
			children = (
				9E6C082C2610C28800274235 /* Strings.swift */,
				9E7834F926AD859400670138 /* GoogleService-Info.plist */,
				9E6C07C62610BE5400274235 /* LaunchScreen.storyboard */,
				9E6C07C92610BE5400274235 /* Info.plist */,
				9E6C082D2610C28800274235 /* Assets.xcassets */,
				9ED8B9E9263FD8FD0022BA1B /* Colors.xcassets */,
			);
			path = SupportFiles;
			sourceTree = "<group>";
		};
		9E6C08302610C28800274235 /* Utilities */ = {
			isa = PBXGroup;
			children = (
				9E493BD72641776200AE7E86 /* UIKit */,
				9E6C08352610C28800274235 /* Protocols */,
				9E6C08372610C28800274235 /* Swinject+ModuleAssembly.swift */,
				9E6C083B2610C28800274235 /* UIApplication+ Ext.swift */,
			);
			path = Utilities;
			sourceTree = "<group>";
		};
		9E6C08352610C28800274235 /* Protocols */ = {
			isa = PBXGroup;
			children = (
				9E3A1DCE26C90E8C0044D17B /* UI */,
			);
			path = Protocols;
			sourceTree = "<group>";
		};
		9E6C08702610C2AB00274235 /* App */ = {
			isa = PBXGroup;
			children = (
				9E6C08742610C2AB00274235 /* AppDelegate.swift */,
				9E6C08722610C2AB00274235 /* AppDelegate+RootController.swift */,
				9E6C08752610C2AB00274235 /* Configuration.swift */,
				9E633FC22610D9BA0053BF65 /* AppCoordinator.swift */,
				9E633FBE2610D8220053BF65 /* AppNavigator.swift */,
			);
			path = App;
			sourceTree = "<group>";
		};
		9E78014526D58E37005967AA /* Main */ = {
			isa = PBXGroup;
			children = (
				9E6C080B2610C28800274235 /* Students */,
				9E6C08142610C28800274235 /* Profile */,
				9E6C08012610C28800274235 /* Calendar */,
			);
			path = Main;
			sourceTree = "<group>";
		};
		9E78014626D58E7F005967AA /* EditEvent */ = {
			isa = PBXGroup;
			children = (
				9E78015226D59777005967AA /* Model */,
				9E80B28326D6C72B00D89DCA /* ViewModel */,
				9E78014D26D59114005967AA /* View */,
				9E78014926D58EFC005967AA /* EditEventAssembly.swift */,
				9E78014B26D58F22005967AA /* EditEventPresenter.swift */,
				9E78014726D58EE2005967AA /* EditEventViewController.swift */,
			);
			path = EditEvent;
			sourceTree = "<group>";
		};
		9E78014D26D59114005967AA /* View */ = {
			isa = PBXGroup;
			children = (
				9E78014E26D5912E005967AA /* EditEventView.swift */,
				9E80B2A526D809D200D89DCA /* ViewWithTitleAndText.swift */,
				9E80B28426D6C73D00D89DCA /* TableCell */,
			);
			path = View;
			sourceTree = "<group>";
		};
		9E78015226D59777005967AA /* Model */ = {
			isa = PBXGroup;
			children = (
				9E78015326D59796005967AA /* EditEventRow.swift */,
				9ED6FF4B26DB8CC1003B65EB /* EditEventElem.swift */,
			);
			path = Model;
			sourceTree = "<group>";
		};
		9E7834EA26ACA1A100670138 /* Notifiers */ = {
			isa = PBXGroup;
			children = (
				9E7834EB26ACA1C500670138 /* AppCollapseNotifier.swift */,
				9E7834ED26ACA24B00670138 /* AuthNotifier.swift */,
				9E71DF6526C81BF90023CA78 /* DatabaseNotifier.swift */,
			);
			path = Notifiers;
			sourceTree = "<group>";
		};
		9E7834FB26AD89CC00670138 /* Launch */ = {
			isa = PBXGroup;
			children = (
				9E7834FC26AD8A2B00670138 /* LaunchAssambly.swift */,
				9E78350226AD8A5A00670138 /* LaunchPresenter.swift */,
				9E7834FE26AD8A3900670138 /* LaunchViewController.swift */,
				9E78350026AD8A4300670138 /* LaunchView.swift */,
			);
			path = Launch;
			sourceTree = "<group>";
		};
		9E80B28326D6C72B00D89DCA /* ViewModel */ = {
			isa = PBXGroup;
			children = (
				9E80B2A326D6D89800D89DCA /* TableCellWithTextFieldViewModel.swift */,
				9E80B29726D6C98700D89DCA /* TableCellWithStackViewModel.swift */,
				9E43012626E52A5700E63228 /* EditEventReminderAndPriceViewModel.swift */,
				9E80B29F26D6CC3F00D89DCA /* EventNoteViewModel.swift */,
			);
			path = ViewModel;
			sourceTree = "<group>";
		};
		9E80B28426D6C73D00D89DCA /* TableCell */ = {
			isa = PBXGroup;
			children = (
				9E80B2A126D6D04400D89DCA /* TableCellWithTextField.swift */,
				9E80B28926D6C8BB00D89DCA /* TableCellWithStackView.swift */,
				9E43012226E523A500E63228 /* EditEventReminderAndPriceTableCell.swift */,
				9E80B29126D6C94400D89DCA /* EditEventNoteTableCell.swift */,
			);
			path = TableCell;
			sourceTree = "<group>";
		};
		9ED8B9DA263FCEFA0022BA1B /* Models */ = {
			isa = PBXGroup;
			children = (
				9E6C08392610C28800274235 /* SelfConfigurableViewModel.swift */,
				9ED8B9DB263FCF260022BA1B /* EmptySelfConfigurableViewModel.swift */,
				9ED8B9DE263FD2FC0022BA1B /* Student.swift */,
				9E78015026D5930F005967AA /* Event.swift */,
				9E43012826E52E9900E63228 /* Reminder.swift */,
				9E4542E526E7AF1B000F6D3E /* Repeatedly.swift */,
			);
			path = Models;
			sourceTree = "<group>";
		};
		9ED8B9E1263FD4BF0022BA1B /* View */ = {
			isa = PBXGroup;
			children = (
				9E633FB62610D3470053BF65 /* StudentsView.swift */,
				9ED8B9E6263FD5AD0022BA1B /* StudentTableCell.swift */,
				9EBB6AE2264927D9003053D8 /* Students.storyboard */,
			);
			path = View;
			sourceTree = "<group>";
		};
		9ED8B9E5263FD50F0022BA1B /* ViewModel */ = {
			isa = PBXGroup;
			children = (
				9ED8B9E2263FD4FE0022BA1B /* StudentViewModelCell.swift */,
			);
			name = ViewModel;
			sourceTree = "<group>";
		};
/* End PBXGroup section */

/* Begin PBXNativeTarget section */
		9E6C07B72610BE5300274235 /* TeachOrgCalendar */ = {
			isa = PBXNativeTarget;
			buildConfigurationList = 9E6C07CC2610BE5400274235 /* Build configuration list for PBXNativeTarget "TeachOrgCalendar" */;
			buildPhases = (
				975CF64AC03BDE3C4A0221A3 /* [CP] Check Pods Manifest.lock */,
				9E6C07B42610BE5300274235 /* Sources */,
				9E6C07B52610BE5300274235 /* Frameworks */,
				9E6C07B62610BE5300274235 /* Resources */,
				F39E0701CCABB35CF2E30A46 /* [CP] Embed Pods Frameworks */,
				D44EFAE2A0FF554FF98F7934 /* [CP] Copy Pods Resources */,
			);
			buildRules = (
			);
			dependencies = (
			);
			name = TeachOrgCalendar;
			productName = TeachOrgCalendar;
			productReference = 9E6C07B82610BE5300274235 /* TeachOrgCalendar.app */;
			productType = "com.apple.product-type.application";
		};
/* End PBXNativeTarget section */

/* Begin PBXProject section */
		9E6C07B02610BE5300274235 /* Project object */ = {
			isa = PBXProject;
			attributes = {
				KnownAssetTags = (
					New,
				);
				LastSwiftUpdateCheck = 1240;
				LastUpgradeCheck = 1240;
				TargetAttributes = {
					9E6C07B72610BE5300274235 = {
						CreatedOnToolsVersion = 12.4;
					};
				};
			};
			buildConfigurationList = 9E6C07B32610BE5300274235 /* Build configuration list for PBXProject "TeachOrgCalendar" */;
			compatibilityVersion = "Xcode 9.3";
			developmentRegion = en;
			hasScannedForEncodings = 0;
			knownRegions = (
				en,
				Base,
			);
			mainGroup = 9E6C07AF2610BE5300274235;
			productRefGroup = 9E6C07B92610BE5300274235 /* Products */;
			projectDirPath = "";
			projectRoot = "";
			targets = (
				9E6C07B72610BE5300274235 /* TeachOrgCalendar */,
			);
		};
/* End PBXProject section */

/* Begin PBXResourcesBuildPhase section */
		9E6C07B62610BE5300274235 /* Resources */ = {
			isa = PBXResourcesBuildPhase;
			buildActionMask = 2147483647;
			files = (
				9EBB6AE6264927F3003053D8 /* Calendar.storyboard in Resources */,
				9E7834FA26AD859400670138 /* GoogleService-Info.plist in Resources */,
				9EBB6AE0264927A8003053D8 /* TabBar.storyboard in Resources */,
				9ED8B9EA263FD8FD0022BA1B /* Colors.xcassets in Resources */,
				9EBB6AE3264927D9003053D8 /* Students.storyboard in Resources */,
				9E6C07C82610BE5400274235 /* LaunchScreen.storyboard in Resources */,
				9EBB6AE926492801003053D8 /* Profile.storyboard in Resources */,
				9E6C08612610C28800274235 /* Assets.xcassets in Resources */,
			);
			runOnlyForDeploymentPostprocessing = 0;
		};
/* End PBXResourcesBuildPhase section */

/* Begin PBXShellScriptBuildPhase section */
		975CF64AC03BDE3C4A0221A3 /* [CP] Check Pods Manifest.lock */ = {
			isa = PBXShellScriptBuildPhase;
			buildActionMask = 2147483647;
			files = (
			);
			inputFileListPaths = (
			);
			inputPaths = (
				"${PODS_PODFILE_DIR_PATH}/Podfile.lock",
				"${PODS_ROOT}/Manifest.lock",
			);
			name = "[CP] Check Pods Manifest.lock";
			outputFileListPaths = (
			);
			outputPaths = (
				"$(DERIVED_FILE_DIR)/Pods-TeachOrgCalendar-checkManifestLockResult.txt",
			);
			runOnlyForDeploymentPostprocessing = 0;
			shellPath = /bin/sh;
			shellScript = "diff \"${PODS_PODFILE_DIR_PATH}/Podfile.lock\" \"${PODS_ROOT}/Manifest.lock\" > /dev/null\nif [ $? != 0 ] ; then\n    # print error to STDERR\n    echo \"error: The sandbox is not in sync with the Podfile.lock. Run 'pod install' or update your CocoaPods installation.\" >&2\n    exit 1\nfi\n# This output is used by Xcode 'outputs' to avoid re-running this script phase.\necho \"SUCCESS\" > \"${SCRIPT_OUTPUT_FILE_0}\"\n";
			showEnvVarsInLog = 0;
		};
		D44EFAE2A0FF554FF98F7934 /* [CP] Copy Pods Resources */ = {
			isa = PBXShellScriptBuildPhase;
			buildActionMask = 2147483647;
			files = (
			);
			inputFileListPaths = (
				"${PODS_ROOT}/Target Support Files/Pods-TeachOrgCalendar/Pods-TeachOrgCalendar-resources-${CONFIGURATION}-input-files.xcfilelist",
			);
			name = "[CP] Copy Pods Resources";
			outputFileListPaths = (
				"${PODS_ROOT}/Target Support Files/Pods-TeachOrgCalendar/Pods-TeachOrgCalendar-resources-${CONFIGURATION}-output-files.xcfilelist",
			);
			runOnlyForDeploymentPostprocessing = 0;
			shellPath = /bin/sh;
			shellScript = "\"${PODS_ROOT}/Target Support Files/Pods-TeachOrgCalendar/Pods-TeachOrgCalendar-resources.sh\"\n";
			showEnvVarsInLog = 0;
		};
		F39E0701CCABB35CF2E30A46 /* [CP] Embed Pods Frameworks */ = {
			isa = PBXShellScriptBuildPhase;
			buildActionMask = 2147483647;
			files = (
			);
			inputFileListPaths = (
				"${PODS_ROOT}/Target Support Files/Pods-TeachOrgCalendar/Pods-TeachOrgCalendar-frameworks-${CONFIGURATION}-input-files.xcfilelist",
			);
			name = "[CP] Embed Pods Frameworks";
			outputFileListPaths = (
				"${PODS_ROOT}/Target Support Files/Pods-TeachOrgCalendar/Pods-TeachOrgCalendar-frameworks-${CONFIGURATION}-output-files.xcfilelist",
			);
			runOnlyForDeploymentPostprocessing = 0;
			shellPath = /bin/sh;
			shellScript = "\"${PODS_ROOT}/Target Support Files/Pods-TeachOrgCalendar/Pods-TeachOrgCalendar-frameworks.sh\"\n";
			showEnvVarsInLog = 0;
		};
/* End PBXShellScriptBuildPhase section */

/* Begin PBXSourcesBuildPhase section */
		9E6C07B42610BE5300274235 /* Sources */ = {
			isa = PBXSourcesBuildPhase;
			buildActionMask = 2147483647;
			files = (
				9E3A1DDC26C971FA0044D17B /* StudentProfileRow.swift in Sources */,
				9E5FB61226B6B2CF00B4E50D /* DatabaseManager.swift in Sources */,
				9E3A1DE226C97FE80044D17B /* StudentContactsTableCell.swift in Sources */,
				9E29D02E26BB0D8C003B88CE /* EditContactsCellViewModel.swift in Sources */,
				9E6C084C2610C28800274235 /* StudentsPresenter.swift in Sources */,
				9E78350326AD8A5A00670138 /* LaunchPresenter.swift in Sources */,
				9E3A1DDE26C97DE10044D17B /* StudentNameTableCell.swift in Sources */,
				9E6C08472610C28800274235 /* TabBarPresenter.swift in Sources */,
				9E27E38426C310CF009E19B9 /* UITextView+Ext.swift in Sources */,
				9E3A1DD326C9440F0044D17B /* StudentViewController.swift in Sources */,
				9E3A1DD726C9442D0044D17B /* StudentView.swift in Sources */,
				9E78014C26D58F22005967AA /* EditEventPresenter.swift in Sources */,
				9E6C08422610C28800274235 /* CalendarAssembly.swift in Sources */,
				9E6C08692610C28800274235 /* NavigationView.swift in Sources */,
				9E6C08532610C28800274235 /* ProfileViewController.swift in Sources */,
				9E80B2A626D809D200D89DCA /* ViewWithTitleAndText.swift in Sources */,
				9E78350126AD8A4300670138 /* LaunchView.swift in Sources */,
				9E78014826D58EE2005967AA /* EditEventViewController.swift in Sources */,
				9E6C083E2610C28800274235 /* ApplicationAssembly.swift in Sources */,
				9ED9790026DC099E00E21AB9 /* UITextField+Ext.swift in Sources */,
				9E29D02826BB0D02003B88CE /* EditDisciplineTableCell.swift in Sources */,
				9E3E5705265C162B007D6D51 /* EditStudentView.swift in Sources */,
				9EBF6B582629E4C20079871B /* CalendarView.swift in Sources */,
				9E6C08792610C2AB00274235 /* AppDelegate.swift in Sources */,
				9E80B2A226D6D04400D89DCA /* TableCellWithTextField.swift in Sources */,
				9E78014A26D58EFC005967AA /* EditEventAssembly.swift in Sources */,
				9E43012326E523A500E63228 /* EditEventReminderAndPriceTableCell.swift in Sources */,
				9E6C084F2610C28800274235 /* StudentsViewController.swift in Sources */,
				9E10794E26BDC20D00D0DA19 /* DisciplineCollectionViewModel.swift in Sources */,
				9E29D02226BB0C71003B88CE /* EditNameCellViewModel.swift in Sources */,
				9E78015126D5930F005967AA /* Event.swift in Sources */,
				9E6C08492610C28800274235 /* TabBarViewController.swift in Sources */,
				9E6C08602610C28800274235 /* Strings.swift in Sources */,
				9E7834EC26ACA1C500670138 /* AppCollapseNotifier.swift in Sources */,
				9E6C083D2610C28800274235 /* ServiceAssembly.swift in Sources */,
				9E6C08512610C28800274235 /* ProfileAssemby.swift in Sources */,
				9E3A1DCD26C90E780044D17B /* DismissingView.swift in Sources */,
				9ED8B9DF263FD2FC0022BA1B /* Student.swift in Sources */,
				9E29D02A26BB0D25003B88CE /* EditContactsTableCell.swift in Sources */,
				9E10794626BDBF7400D0DA19 /* DisciplineCollectionViewCell.swift in Sources */,
				9E78014226D4291F005967AA /* UIApplication+Ext.swift in Sources */,
				9E6C08542610C28800274235 /* ProfilePresenter.swift in Sources */,
				9E29D02C26BB0D55003B88CE /* EditNoteTableCell.swift in Sources */,
				9EBF6B4F2629E1910079871B /* ProfileView.swift in Sources */,
				9E6C086B2610C28800274235 /* PresentingView.swift in Sources */,
				9E71DF6626C81BFA0023CA78 /* DatabaseNotifier.swift in Sources */,
				9E78015426D59796005967AA /* EditEventRow.swift in Sources */,
				9E633FB72610D3470053BF65 /* StudentsView.swift in Sources */,
				9E6C08432610C28800274235 /* CalendarViewController.swift in Sources */,
				9E10794826BDBF9500D0DA19 /* AddDisciplineCollectionViewCell.swift in Sources */,
				9E29D02026BB0B36003B88CE /* StudentRow.swift in Sources */,
				9E6C08662610C28800274235 /* UIImage+Color.swift in Sources */,
				9E7834FD26AD8A2B00670138 /* LaunchAssambly.swift in Sources */,
				9E6C085D2610C28800274235 /* LoginPresenter.swift in Sources */,
				9E493BD92641778C00AE7E86 /* UIColor+Ext.swift in Sources */,
				9E3E5701265C1602007D6D51 /* EditStudentPresenter.swift in Sources */,
				9E6C085F2610C28800274235 /* LoginViewController.swift in Sources */,
				9E43012726E52A5700E63228 /* EditEventReminderAndPriceViewModel.swift in Sources */,
				9E3E5703265C1615007D6D51 /* EditStudentViewController.swift in Sources */,
				9E6C08642610C28800274235 /* UIFont+Ext.swift in Sources */,
				9E633FBF2610D8220053BF65 /* AppNavigator.swift in Sources */,
				9ED8B9E3263FD4FE0022BA1B /* StudentViewModelCell.swift in Sources */,
				9E6C08672610C28800274235 /* WindowTransitioner.swift in Sources */,
				9E29D02626BB0CE7003B88CE /* EditNameTableCell.swift in Sources */,
				9E6C08462610C28800274235 /* TabBarAssembly.swift in Sources */,
				9E80B28A26D6C8BB00D89DCA /* TableCellWithStackView.swift in Sources */,
				9E80B2A026D6CC3F00D89DCA /* EventNoteViewModel.swift in Sources */,
				9ED6FF4C26DB8CC1003B65EB /* EditEventElem.swift in Sources */,
				9E6C086D2610C28800274235 /* PoppingView.swift in Sources */,
				9E29D02426BB0C90003B88CE /* EditDisciplineTableCellViewModel.swift in Sources */,
				9E7834E926AC997100670138 /* AuthManager.swift in Sources */,
				9E6C08412610C28800274235 /* Module.swift in Sources */,
				9E6C08772610C2AB00274235 /* AppDelegate+RootController.swift in Sources */,
				9E633FC32610D9BA0053BF65 /* AppCoordinator.swift in Sources */,
				9E29D03026BB0D9A003B88CE /* EditNoteCellViewModel.swift in Sources */,
				9E6C087A2610C2AB00274235 /* Configuration.swift in Sources */,
				9E6C08402610C28800274235 /* ModuleAssemblyError.swift in Sources */,
				9E6C08682610C28800274235 /* Swinject+ModuleAssembly.swift in Sources */,
				9E80B2A426D6D89800D89DCA /* TableCellWithTextFieldViewModel.swift in Sources */,
				9E78014F26D5912E005967AA /* EditEventView.swift in Sources */,
				9E7834F026ACA4B100670138 /* NotifiersAssembly.swift in Sources */,
				9E6C08442610C28800274235 /* CalendarPresenter.swift in Sources */,
				9E6C08652610C28800274235 /* UIButton+Ext.swift in Sources */,
				9E80B29826D6C98700D89DCA /* TableCellWithStackViewModel.swift in Sources */,
				9E3A1DD526C944200044D17B /* StudentAssembly.swift in Sources */,
				9E633FC82610E8C20053BF65 /* ManagerAssembly.swift in Sources */,
				9E10794C26BDC1F500D0DA19 /* AddDisciplineCollectionViewModel.swift in Sources */,
				9E3A1DE426C97FFB0044D17B /* StudentNoteTableCell.swift in Sources */,
				9E6C083F2610C28800274235 /* ModuleAssemply.swift in Sources */,
				9E4542E826E7DF6C000F6D3E /* TimeInterval+Ext.swift in Sources */,
				9E6C086A2610C28800274235 /* SelfConfigurableViewModel.swift in Sources */,
				9E4542E626E7AF1B000F6D3E /* Repeatedly.swift in Sources */,
				9EDF5B4326D25BF500D76F23 /* NavigationBar+Ext.swift in Sources */,
				9E7834FF26AD8A3900670138 /* LaunchViewController.swift in Sources */,
				9ED8B9E7263FD5AD0022BA1B /* StudentTableCell.swift in Sources */,
				9E6C08502610C28800274235 /* StudentsAssembly.swift in Sources */,
				9E633FAF2610D0AC0053BF65 /* UIView+Ext.swift in Sources */,
				9E78014426D51459005967AA /* UIAlertController+Ext.swift in Sources */,
				9E3E56FF265C15F4007D6D51 /* EditStudentAssembly.swift in Sources */,
				9E6C086C2610C28800274235 /* UIApplication+ Ext.swift in Sources */,
				9E6C085C2610C28800274235 /* LoginAssembly.swift in Sources */,
				9E7834EE26ACA24B00670138 /* AuthNotifier.swift in Sources */,
				9ED8B9DC263FCF270022BA1B /* EmptySelfConfigurableViewModel.swift in Sources */,
				9E80B29226D6C94400D89DCA /* EditEventNoteTableCell.swift in Sources */,
				9E43012926E52E9900E63228 /* Reminder.swift in Sources */,
				9E633FB42610D2B10053BF65 /* LoginView.swift in Sources */,
				9E6C08632610C28800274235 /* UILabel+Ext.swift in Sources */,
				9E3A1DE026C97E0D0044D17B /* StudentDisciplineTableCell.swift in Sources */,
				9E3A1DD126C943EF0044D17B /* StudentPresenter.swift in Sources */,
			);
			runOnlyForDeploymentPostprocessing = 0;
		};
/* End PBXSourcesBuildPhase section */

/* Begin PBXVariantGroup section */
		9E6C07C62610BE5400274235 /* LaunchScreen.storyboard */ = {
			isa = PBXVariantGroup;
			children = (
				9E6C07C72610BE5400274235 /* Base */,
			);
			name = LaunchScreen.storyboard;
			sourceTree = "<group>";
		};
/* End PBXVariantGroup section */

/* Begin XCBuildConfiguration section */
		9E6C07CA2610BE5400274235 /* Debug */ = {
			isa = XCBuildConfiguration;
			buildSettings = {
				ALWAYS_SEARCH_USER_PATHS = NO;
				CLANG_ANALYZER_NONNULL = YES;
				CLANG_ANALYZER_NUMBER_OBJECT_CONVERSION = YES_AGGRESSIVE;
				CLANG_CXX_LANGUAGE_STANDARD = "gnu++14";
				CLANG_CXX_LIBRARY = "libc++";
				CLANG_ENABLE_MODULES = YES;
				CLANG_ENABLE_OBJC_ARC = YES;
				CLANG_ENABLE_OBJC_WEAK = YES;
				CLANG_WARN_BLOCK_CAPTURE_AUTORELEASING = YES;
				CLANG_WARN_BOOL_CONVERSION = YES;
				CLANG_WARN_COMMA = YES;
				CLANG_WARN_CONSTANT_CONVERSION = YES;
				CLANG_WARN_DEPRECATED_OBJC_IMPLEMENTATIONS = YES;
				CLANG_WARN_DIRECT_OBJC_ISA_USAGE = YES_ERROR;
				CLANG_WARN_DOCUMENTATION_COMMENTS = YES;
				CLANG_WARN_EMPTY_BODY = YES;
				CLANG_WARN_ENUM_CONVERSION = YES;
				CLANG_WARN_INFINITE_RECURSION = YES;
				CLANG_WARN_INT_CONVERSION = YES;
				CLANG_WARN_NON_LITERAL_NULL_CONVERSION = YES;
				CLANG_WARN_OBJC_IMPLICIT_RETAIN_SELF = YES;
				CLANG_WARN_OBJC_LITERAL_CONVERSION = YES;
				CLANG_WARN_OBJC_ROOT_CLASS = YES_ERROR;
				CLANG_WARN_QUOTED_INCLUDE_IN_FRAMEWORK_HEADER = YES;
				CLANG_WARN_RANGE_LOOP_ANALYSIS = YES;
				CLANG_WARN_STRICT_PROTOTYPES = YES;
				CLANG_WARN_SUSPICIOUS_MOVE = YES;
				CLANG_WARN_UNGUARDED_AVAILABILITY = YES_AGGRESSIVE;
				CLANG_WARN_UNREACHABLE_CODE = YES;
				CLANG_WARN__DUPLICATE_METHOD_MATCH = YES;
				COPY_PHASE_STRIP = NO;
				DEBUG_INFORMATION_FORMAT = dwarf;
				ENABLE_STRICT_OBJC_MSGSEND = YES;
				ENABLE_TESTABILITY = YES;
				GCC_C_LANGUAGE_STANDARD = gnu11;
				GCC_DYNAMIC_NO_PIC = NO;
				GCC_NO_COMMON_BLOCKS = YES;
				GCC_OPTIMIZATION_LEVEL = 0;
				GCC_PREPROCESSOR_DEFINITIONS = (
					"DEBUG=1",
					"$(inherited)",
				);
				GCC_WARN_64_TO_32_BIT_CONVERSION = YES;
				GCC_WARN_ABOUT_RETURN_TYPE = YES_ERROR;
				GCC_WARN_UNDECLARED_SELECTOR = YES;
				GCC_WARN_UNINITIALIZED_AUTOS = YES_AGGRESSIVE;
				GCC_WARN_UNUSED_FUNCTION = YES;
				GCC_WARN_UNUSED_VARIABLE = YES;
				IPHONEOS_DEPLOYMENT_TARGET = 13.0;
				MTL_ENABLE_DEBUG_INFO = INCLUDE_SOURCE;
				MTL_FAST_MATH = YES;
				ONLY_ACTIVE_ARCH = YES;
				SDKROOT = iphoneos;
				SWIFT_ACTIVE_COMPILATION_CONDITIONS = DEBUG;
				SWIFT_OPTIMIZATION_LEVEL = "-Onone";
			};
			name = Debug;
		};
		9E6C07CB2610BE5400274235 /* Release */ = {
			isa = XCBuildConfiguration;
			buildSettings = {
				ALWAYS_SEARCH_USER_PATHS = NO;
				CLANG_ANALYZER_NONNULL = YES;
				CLANG_ANALYZER_NUMBER_OBJECT_CONVERSION = YES_AGGRESSIVE;
				CLANG_CXX_LANGUAGE_STANDARD = "gnu++14";
				CLANG_CXX_LIBRARY = "libc++";
				CLANG_ENABLE_MODULES = YES;
				CLANG_ENABLE_OBJC_ARC = YES;
				CLANG_ENABLE_OBJC_WEAK = YES;
				CLANG_WARN_BLOCK_CAPTURE_AUTORELEASING = YES;
				CLANG_WARN_BOOL_CONVERSION = YES;
				CLANG_WARN_COMMA = YES;
				CLANG_WARN_CONSTANT_CONVERSION = YES;
				CLANG_WARN_DEPRECATED_OBJC_IMPLEMENTATIONS = YES;
				CLANG_WARN_DIRECT_OBJC_ISA_USAGE = YES_ERROR;
				CLANG_WARN_DOCUMENTATION_COMMENTS = YES;
				CLANG_WARN_EMPTY_BODY = YES;
				CLANG_WARN_ENUM_CONVERSION = YES;
				CLANG_WARN_INFINITE_RECURSION = YES;
				CLANG_WARN_INT_CONVERSION = YES;
				CLANG_WARN_NON_LITERAL_NULL_CONVERSION = YES;
				CLANG_WARN_OBJC_IMPLICIT_RETAIN_SELF = YES;
				CLANG_WARN_OBJC_LITERAL_CONVERSION = YES;
				CLANG_WARN_OBJC_ROOT_CLASS = YES_ERROR;
				CLANG_WARN_QUOTED_INCLUDE_IN_FRAMEWORK_HEADER = YES;
				CLANG_WARN_RANGE_LOOP_ANALYSIS = YES;
				CLANG_WARN_STRICT_PROTOTYPES = YES;
				CLANG_WARN_SUSPICIOUS_MOVE = YES;
				CLANG_WARN_UNGUARDED_AVAILABILITY = YES_AGGRESSIVE;
				CLANG_WARN_UNREACHABLE_CODE = YES;
				CLANG_WARN__DUPLICATE_METHOD_MATCH = YES;
				COPY_PHASE_STRIP = NO;
				DEBUG_INFORMATION_FORMAT = "dwarf-with-dsym";
				ENABLE_NS_ASSERTIONS = NO;
				ENABLE_STRICT_OBJC_MSGSEND = YES;
				GCC_C_LANGUAGE_STANDARD = gnu11;
				GCC_NO_COMMON_BLOCKS = YES;
				GCC_WARN_64_TO_32_BIT_CONVERSION = YES;
				GCC_WARN_ABOUT_RETURN_TYPE = YES_ERROR;
				GCC_WARN_UNDECLARED_SELECTOR = YES;
				GCC_WARN_UNINITIALIZED_AUTOS = YES_AGGRESSIVE;
				GCC_WARN_UNUSED_FUNCTION = YES;
				GCC_WARN_UNUSED_VARIABLE = YES;
				IPHONEOS_DEPLOYMENT_TARGET = 13.0;
				MTL_ENABLE_DEBUG_INFO = NO;
				MTL_FAST_MATH = YES;
				SDKROOT = iphoneos;
				SWIFT_COMPILATION_MODE = wholemodule;
				SWIFT_OPTIMIZATION_LEVEL = "-O";
				VALIDATE_PRODUCT = YES;
			};
			name = Release;
		};
		9E6C07CD2610BE5400274235 /* Debug */ = {
			isa = XCBuildConfiguration;
			baseConfigurationReference = ED8E12C24846FA9D17E14CE4 /* Pods-TeachOrgCalendar.debug.xcconfig */;
			buildSettings = {
				ASSETCATALOG_COMPILER_APPICON_NAME = AppIcon;
				ASSETCATALOG_COMPILER_GLOBAL_ACCENT_COLOR_NAME = AccentColor;
				CODE_SIGN_ENTITLEMENTS = TeachOrgCalendar/TeachOrgCalendar.entitlements;
				CODE_SIGN_STYLE = Automatic;
				DEVELOPMENT_TEAM = WJR74JV9LN;
				FRAMEWORK_SEARCH_PATHS = (
					"$(inherited)",
					"\"${PODS_CONFIGURATION_BUILD_DIR}/Alamofire\"",
					"\"${PODS_CONFIGURATION_BUILD_DIR}/AppAuth\"",
					"\"${PODS_CONFIGURATION_BUILD_DIR}/FirebaseAuth\"",
					"\"${PODS_CONFIGURATION_BUILD_DIR}/FirebaseAuthUI\"",
					"\"${PODS_CONFIGURATION_BUILD_DIR}/FirebaseCore\"",
					"\"${PODS_CONFIGURATION_BUILD_DIR}/FirebaseCoreDiagnostics\"",
					"\"${PODS_CONFIGURATION_BUILD_DIR}/FirebaseDatabase\"",
					"\"${PODS_CONFIGURATION_BUILD_DIR}/FirebaseEmailAuthUI\"",
					"\"${PODS_CONFIGURATION_BUILD_DIR}/FirebaseGoogleAuthUI\"",
					"\"${PODS_CONFIGURATION_BUILD_DIR}/FirebaseInstallations\"",
					"\"${PODS_CONFIGURATION_BUILD_DIR}/FirebaseOAuthUI\"",
					"\"${PODS_CONFIGURATION_BUILD_DIR}/FirebasePhoneAuthUI\"",
					"\"${PODS_CONFIGURATION_BUILD_DIR}/GTMAppAuth\"",
					"\"${PODS_CONFIGURATION_BUILD_DIR}/GTMSessionFetcher\"",
					"\"${PODS_CONFIGURATION_BUILD_DIR}/GoogleDataTransport\"",
					"\"${PODS_CONFIGURATION_BUILD_DIR}/GoogleSignIn\"",
					"\"${PODS_CONFIGURATION_BUILD_DIR}/GoogleUtilities\"",
					"\"${PODS_CONFIGURATION_BUILD_DIR}/PromisesObjC\"",
					"\"${PODS_CONFIGURATION_BUILD_DIR}/SnapKit\"",
					"\"${PODS_CONFIGURATION_BUILD_DIR}/SwinjectStoryboard\"",
					"\"${PODS_CONFIGURATION_BUILD_DIR}/leveldb-library\"",
					"\"${PODS_CONFIGURATION_BUILD_DIR}/nanopb\"",
					"\"${PODS_ROOT}/FirebaseAnalytics/Frameworks\"",
					"\"${PODS_ROOT}/GoogleAppMeasurement/Frameworks\"",
					"\"${PODS_XCFRAMEWORKS_BUILD_DIR}/FirebaseAnalytics\"",
					"\"${PODS_XCFRAMEWORKS_BUILD_DIR}/GoogleAppMeasurement\"",
				);
				INFOPLIST_FILE = "$(SRCROOT)/TeachOrgCalendar/SupportFiles/Info.plist";
				LD_RUNPATH_SEARCH_PATHS = (
					"$(inherited)",
					"@executable_path/Frameworks",
				);
				PRODUCT_BUNDLE_IDENTIFIER = com.TeachOrgCalendar;
				PRODUCT_NAME = "$(TARGET_NAME)";
				SWIFT_VERSION = 5.0;
				TARGETED_DEVICE_FAMILY = "1,2";
			};
			name = Debug;
		};
		9E6C07CE2610BE5400274235 /* Release */ = {
			isa = XCBuildConfiguration;
			baseConfigurationReference = 552ED8638C63EA7D7A1193DB /* Pods-TeachOrgCalendar.release.xcconfig */;
			buildSettings = {
				ASSETCATALOG_COMPILER_APPICON_NAME = AppIcon;
				ASSETCATALOG_COMPILER_GLOBAL_ACCENT_COLOR_NAME = AccentColor;
				CODE_SIGN_ENTITLEMENTS = TeachOrgCalendar/TeachOrgCalendar.entitlements;
				CODE_SIGN_STYLE = Automatic;
				DEVELOPMENT_TEAM = WJR74JV9LN;
				FRAMEWORK_SEARCH_PATHS = (
					"$(inherited)",
					"\"${PODS_CONFIGURATION_BUILD_DIR}/Alamofire\"",
					"\"${PODS_CONFIGURATION_BUILD_DIR}/AppAuth\"",
					"\"${PODS_CONFIGURATION_BUILD_DIR}/FirebaseAuth\"",
					"\"${PODS_CONFIGURATION_BUILD_DIR}/FirebaseAuthUI\"",
					"\"${PODS_CONFIGURATION_BUILD_DIR}/FirebaseCore\"",
					"\"${PODS_CONFIGURATION_BUILD_DIR}/FirebaseCoreDiagnostics\"",
					"\"${PODS_CONFIGURATION_BUILD_DIR}/FirebaseDatabase\"",
					"\"${PODS_CONFIGURATION_BUILD_DIR}/FirebaseDatabaseUI\"",
					"\"${PODS_CONFIGURATION_BUILD_DIR}/FirebaseEmailAuthUI\"",
					"\"${PODS_CONFIGURATION_BUILD_DIR}/FirebaseFacebookAuthUI\"",
					"\"${PODS_CONFIGURATION_BUILD_DIR}/FirebaseGoogleAuthUI\"",
					"\"${PODS_CONFIGURATION_BUILD_DIR}/FirebaseInstallations\"",
					"\"${PODS_CONFIGURATION_BUILD_DIR}/FirebaseOAuthUI\"",
					"\"${PODS_CONFIGURATION_BUILD_DIR}/FirebasePhoneAuthUI\"",
					"\"${PODS_CONFIGURATION_BUILD_DIR}/GTMAppAuth\"",
					"\"${PODS_CONFIGURATION_BUILD_DIR}/GTMSessionFetcher\"",
					"\"${PODS_CONFIGURATION_BUILD_DIR}/GoogleDataTransport\"",
					"\"${PODS_CONFIGURATION_BUILD_DIR}/GoogleSignIn\"",
					"\"${PODS_CONFIGURATION_BUILD_DIR}/GoogleUtilities\"",
					"\"${PODS_CONFIGURATION_BUILD_DIR}/PromisesObjC\"",
					"\"${PODS_CONFIGURATION_BUILD_DIR}/SnapKit\"",
					"\"${PODS_CONFIGURATION_BUILD_DIR}/Swinject\"",
					"\"${PODS_CONFIGURATION_BUILD_DIR}/SwinjectStoryboard\"",
					"\"${PODS_CONFIGURATION_BUILD_DIR}/leveldb-library\"",
					"\"${PODS_CONFIGURATION_BUILD_DIR}/nanopb\"",
					"\"${PODS_ROOT}/FirebaseAnalytics/Frameworks\"",
					"\"${PODS_ROOT}/GoogleAppMeasurement/Frameworks\"",
					"\"${PODS_XCFRAMEWORKS_BUILD_DIR}/FirebaseAnalytics\"",
					"\"${PODS_XCFRAMEWORKS_BUILD_DIR}/GoogleAppMeasurement\"",
				);
				INFOPLIST_FILE = "$(SRCROOT)/TeachOrgCalendar/SupportFiles/Info.plist";
				LD_RUNPATH_SEARCH_PATHS = (
					"$(inherited)",
					"@executable_path/Frameworks",
				);
				PRODUCT_BUNDLE_IDENTIFIER = com.TeachOrgCalendar;
				PRODUCT_NAME = "$(TARGET_NAME)";
				SWIFT_VERSION = 5.0;
				TARGETED_DEVICE_FAMILY = "1,2";
			};
			name = Release;
		};
/* End XCBuildConfiguration section */

/* Begin XCConfigurationList section */
		9E6C07B32610BE5300274235 /* Build configuration list for PBXProject "TeachOrgCalendar" */ = {
			isa = XCConfigurationList;
			buildConfigurations = (
				9E6C07CA2610BE5400274235 /* Debug */,
				9E6C07CB2610BE5400274235 /* Release */,
			);
			defaultConfigurationIsVisible = 0;
			defaultConfigurationName = Release;
		};
		9E6C07CC2610BE5400274235 /* Build configuration list for PBXNativeTarget "TeachOrgCalendar" */ = {
			isa = XCConfigurationList;
			buildConfigurations = (
				9E6C07CD2610BE5400274235 /* Debug */,
				9E6C07CE2610BE5400274235 /* Release */,
			);
			defaultConfigurationIsVisible = 0;
			defaultConfigurationName = Release;
		};
/* End XCConfigurationList section */
	};
	rootObject = 9E6C07B02610BE5300274235 /* Project object */;
}
